
Microsoft Visual Studio Solution File, Format Version 12.00
# Visual Studio 15
VisualStudioVersion = 15.0.28307.779
MinimumVisualStudioVersion = 10.0.40219.1
Project("{2150E333-8FDC-42A3-9474-1A3956D46DE8}") = "Chapter2", "Chapter2", "{E21D9BA3-6F82-45BF-BD1B-3137226592B3}"
EndProject
Project("{2150E333-8FDC-42A3-9474-1A3956D46DE8}") = "Chapter1", "Chapter1", "{EF145916-C9D0-44A5-8555-F0D71A5C69C9}"
EndProject
Project("{2150E333-8FDC-42A3-9474-1A3956D46DE8}") = "Chapter3", "Chapter3", "{58238C5D-ED54-4B81-95EE-9C84ACA8A8EE}"
EndProject
Project("{2150E333-8FDC-42A3-9474-1A3956D46DE8}") = "Chapter4", "Chapter4", "{9E9B4FB4-AFDC-4EC1-BAED-B9F1E79CCFEC}"
EndProject
Project("{2150E333-8FDC-42A3-9474-1A3956D46DE8}") = "Chapter5", "Chapter5", "{61E5EFC7-95FB-4F65-A503-6FF1E09C0A89}"
EndProject
Project("{2150E333-8FDC-42A3-9474-1A3956D46DE8}") = "Chapter6", "Chapter6", "{E2559FF5-F054-4540-91BF-E9370C1FE0FE}"
EndProject
Project("{2150E333-8FDC-42A3-9474-1A3956D46DE8}") = "Chapter7", "Chapter7", "{E4725CEB-4C60-4A60-BB21-A5352D786A94}"
EndProject
Project("{2150E333-8FDC-42A3-9474-1A3956D46DE8}") = "Chapter8", "Chapter8", "{DEED1608-C271-4226-8EF7-3994EB9FE162}"
EndProject
Project("{2150E333-8FDC-42A3-9474-1A3956D46DE8}") = "Chapter9", "Chapter9", "{A6317C8A-CFC6-415E-A8DD-3E51D89EF233}"
EndProject
Project("{2150E333-8FDC-42A3-9474-1A3956D46DE8}") = "Chapter10", "Chapter10", "{4D48E17D-4B17-4C7E-AD95-76B5682CA4D7}"
EndProject
Project("{2150E333-8FDC-42A3-9474-1A3956D46DE8}") = "Chapter11", "Chapter11", "{6F851452-9A56-4737-93CF-730BA3B86A9C}"
EndProject
Project("{FAE04EC0-301F-11D3-BF4B-00C04F79EFBC}") = "Recipe1", "Chapter1\Recipe1\Recipe1.csproj", "{DD5C2FA8-2301-4019-AE09-E96DAD6A94C5}"
EndProject
Project("{FAE04EC0-301F-11D3-BF4B-00C04F79EFBC}") = "Recipe7", "Chapter1\Recipe7\Recipe7.csproj", "{BFFD3508-DFF3-47AA-A46C-6F7638B352E1}"
EndProject
Project("{FAE04EC0-301F-11D3-BF4B-00C04F79EFBC}") = "Recipe8", "Chapter1\Recipe8\Recipe8.csproj", "{C33CA9CC-7DE4-49F5-A2B0-5084897BCDB5}"
EndProject
Project("{FAE04EC0-301F-11D3-BF4B-00C04F79EFBC}") = "Recipe9", "Chapter1\Recipe9\Recipe9.csproj", "{84FC31E8-B5AA-450A-99FA-F3608F609886}"
EndProject
Project("{FAE04EC0-301F-11D3-BF4B-00C04F79EFBC}") = "Recipe10", "Chapter1\Recipe10\Recipe10.csproj", "{5A6D3EF8-2CDC-430A-8F32-B76E2F1A906C}"
EndProject
Project("{FAE04EC0-301F-11D3-BF4B-00C04F79EFBC}") = "Recipe11", "Chapter1\Recipe11\Recipe11.csproj", "{CFE272D3-9C6B-4E19-BCAB-797C1A0BABE9}"
EndProject
Project("{FAE04EC0-301F-11D3-BF4B-00C04F79EFBC}") = "Recipe1", "Chapter2\Recipe1\Recipe1.csproj", "{50646FB4-F006-44D0-8458-D28AA89CEEE9}"
EndProject
Project("{FAE04EC0-301F-11D3-BF4B-00C04F79EFBC}") = "Recipe2", "Chapter2\Recipe2\Recipe2.csproj", "{7CFDCD55-1A48-43D7-A22A-D0F2A579785A}"
EndProject
Project("{FAE04EC0-301F-11D3-BF4B-00C04F79EFBC}") = "Recipe3", "Chapter2\Recipe3\Recipe3.csproj", "{B6026295-62C6-4E60-81FE-788B31FC5767}"
EndProject
Project("{FAE04EC0-301F-11D3-BF4B-00C04F79EFBC}") = "Recipe4", "Chapter2\Recipe4\Recipe4.csproj", "{0D3E96B3-BA82-437F-B0CE-1ACD03C944A4}"
EndProject
Project("{FAE04EC0-301F-11D3-BF4B-00C04F79EFBC}") = "Recipe5", "Chapter2\Recipe5\Recipe5.csproj", "{DA60684C-3BA5-4101-B72E-F357C605BA1F}"
EndProject
Project("{FAE04EC0-301F-11D3-BF4B-00C04F79EFBC}") = "Recipe8", "Chapter2\Recipe8\Recipe8.csproj", "{0816B727-B893-47B9-8869-453B925F7A6D}"
EndProject
Project("{FAE04EC0-301F-11D3-BF4B-00C04F79EFBC}") = "Recipe1", "Chapter3\Recipe1\Recipe1.csproj", "{59A4D899-B36F-4D76-8C20-2BA8D4095D2A}"
EndProject
Project("{FAE04EC0-301F-11D3-BF4B-00C04F79EFBC}") = "Recipe2", "Chapter3\Recipe2\Recipe2.csproj", "{DB542201-46C7-4C6E-A798-093746354F6A}"
EndProject
Project("{FAE04EC0-301F-11D3-BF4B-00C04F79EFBC}") = "Recipe3", "Chapter3\Recipe3\Recipe3.csproj", "{53FC62AC-DC1F-4F52-9799-AD25669615FB}"
EndProject
Project("{FAE04EC0-301F-11D3-BF4B-00C04F79EFBC}") = "Recipe4", "Chapter3\Recipe4\Recipe4.csproj", "{F8D14831-BE16-4EBF-B3FC-72826E15920E}"
EndProject
Project("{FAE04EC0-301F-11D3-BF4B-00C04F79EFBC}") = "Recipe5", "Chapter3\Recipe5\Recipe5.csproj", "{AF907A14-8304-4C58-95D4-A52DCD031341}"
EndProject
Project("{FAE04EC0-301F-11D3-BF4B-00C04F79EFBC}") = "Recipe9", "Chapter4\Recipe9\Recipe9.csproj", "{F8BBF56F-7CEC-4EB5-B24A-D65C5DDA2EAE}"
EndProject
Project("{FAE04EC0-301F-11D3-BF4B-00C04F79EFBC}") = "Recipe4", "Chapter5\Recipe4\Recipe4.csproj", "{1258CA7A-D2F6-4B03-AE58-08D39D1CA057}"
EndProject
Project("{FAE04EC0-301F-11D3-BF4B-00C04F79EFBC}") = "Recipe6", "Chapter5\Recipe6\Recipe6.csproj", "{9B6B9DF0-0A9B-491B-93E4-EB3329032006}"
EndProject
Project("{FAE04EC0-301F-11D3-BF4B-00C04F79EFBC}") = "Recipe9", "Chapter5\Recipe9\Recipe9.csproj", "{62AA91B9-A077-44A2-B0B7-B2EF03ECA627}"
EndProject
Project("{FAE04EC0-301F-11D3-BF4B-00C04F79EFBC}") = "Recipe1", "Chapter6\Recipe1\Recipe1.csproj", "{29F7F5B3-1E39-415A-B9FD-C870FB40E864}"
EndProject
Project("{FAE04EC0-301F-11D3-BF4B-00C04F79EFBC}") = "Recipe2", "Chapter6\Recipe2\Recipe2.csproj", "{96FEB2F2-EF6F-43C6-ACD2-AECACAD7E0A6}"
EndProject
Project("{FAE04EC0-301F-11D3-BF4B-00C04F79EFBC}") = "Recipe3", "Chapter6\Recipe3\Recipe3.csproj", "{3D074F6A-E492-4F10-93FD-9085DE2F07B9}"
EndProject
Project("{FAE04EC0-301F-11D3-BF4B-00C04F79EFBC}") = "Recipe1", "Chapter7\Recipe1\Recipe1.csproj", "{49D94745-2EC4-4FAD-9A0A-2951596932ED}"
EndProject
Project("{FAE04EC0-301F-11D3-BF4B-00C04F79EFBC}") = "Recipe2", "Chapter7\Recipe2\Recipe2.csproj", "{67612DBC-8F59-4A96-AE29-3CA617403E21}"
EndProject
Project("{FAE04EC0-301F-11D3-BF4B-00C04F79EFBC}") = "Recipe3", "Chapter7\Recipe3\Recipe3.csproj", "{DE007DE1-1DFA-46B4-9462-2EF3C1D6C0D0}"
EndProject
Project("{FAE04EC0-301F-11D3-BF4B-00C04F79EFBC}") = "Recipe4", "Chapter7\Recipe4\Recipe4.csproj", "{1EAF9F68-F4E1-4E30-B1D8-7D50805419AE}"
EndProject
Project("{FAE04EC0-301F-11D3-BF4B-00C04F79EFBC}") = "Recipe5", "Chapter7\Recipe5\Recipe5.csproj", "{F8DB3CB5-2619-4CDF-AE13-DC1BA02FE99A}"
EndProject
Project("{FAE04EC0-301F-11D3-BF4B-00C04F79EFBC}") = "Recipe6", "Chapter7\Recipe6\Recipe6.csproj", "{6576E172-EA56-43DA-96B9-87F3F3AFE9E7}"
EndProject
Project("{FAE04EC0-301F-11D3-BF4B-00C04F79EFBC}") = "Recipe1", "Chapter8\Recipe1\Recipe1.csproj", "{D44C2394-E30D-4406-98DD-76914FE6908A}"
EndProject
Project("{FAE04EC0-301F-11D3-BF4B-00C04F79EFBC}") = "Recipe2", "Chapter8\Recipe2\Recipe2.csproj", "{AC5CFDBD-AB35-41E9-98BE-C9FEA4B338E1}"
EndProject
Project("{FAE04EC0-301F-11D3-BF4B-00C04F79EFBC}") = "Recipe3", "Chapter8\Recipe3\Recipe3.csproj", "{96B17EAF-FEED-413E-83EC-C1D4956ABAB2}"
EndProject
Project("{FAE04EC0-301F-11D3-BF4B-00C04F79EFBC}") = "Recipe4", "Chapter8\Recipe4\Recipe4.csproj", "{F12E15BC-7CAF-407B-9DEB-0659E6F08CA3}"
EndProject
Project("{FAE04EC0-301F-11D3-BF4B-00C04F79EFBC}") = "Recipe6", "Chapter8\Recipe6\Recipe6.csproj", "{03A342BA-8442-482F-BDE0-D6961C2C4F73}"
EndProject
Project("{FAE04EC0-301F-11D3-BF4B-00C04F79EFBC}") = "Recipe1", "Chapter9\Recipe1\Recipe1.csproj", "{EBE44D3B-EA6D-4267-8197-6F63225E9300}"
EndProject
Project("{FAE04EC0-301F-11D3-BF4B-00C04F79EFBC}") = "Recipe2", "Chapter9\Recipe2\Recipe2.csproj", "{DEE73A3A-6A31-4BD6-ACFA-B11528F9CD1D}"
EndProject
Project("{FAE04EC0-301F-11D3-BF4B-00C04F79EFBC}") = "Recipe3", "Chapter9\Recipe3\Recipe3.csproj", "{D7731D9C-AF73-468C-A51A-8CDE13D7901B}"
EndProject
Project("{FAE04EC0-301F-11D3-BF4B-00C04F79EFBC}") = "Recipe4", "Chapter9\Recipe4\Recipe4.csproj", "{750376BA-2F9E-4D25-B49D-AFFF41355BA1}"
EndProject
Project("{FAE04EC0-301F-11D3-BF4B-00C04F79EFBC}") = "Recipe1", "Chapter10\Recipe1\Recipe1.csproj", "{C5F9F61D-5E87-4DA8-ACC0-141A4CB6BADD}"
EndProject
Project("{FAE04EC0-301F-11D3-BF4B-00C04F79EFBC}") = "Recipe1", "Chapter11\Recipe1\Recipe1.csproj", "{28DAEC17-4242-4701-BD42-6436C7A98555}"
EndProject
Project("{FAE04EC0-301F-11D3-BF4B-00C04F79EFBC}") = "Recipe2", "Chapter11\Recipe2\Recipe2.csproj", "{0BBFE7BB-5B3B-4AD0-8BA5-B93028C97A5E}"
EndProject
Project("{FAE04EC0-301F-11D3-BF4B-00C04F79EFBC}") = "Recipe3", "Chapter11\Recipe3\Recipe3.csproj", "{0D1C9E68-D544-41ED-ACDA-E7CEC641B369}"
EndProject
Global
	GlobalSection(SolutionConfigurationPlatforms) = preSolution
		Debug|Any CPU = Debug|Any CPU
		Debug|ARM = Debug|ARM
		Debug|ARM64 = Debug|ARM64
		Debug|x64 = Debug|x64
		Debug|x86 = Debug|x86
		Release|Any CPU = Release|Any CPU
		Release|ARM = Release|ARM
		Release|ARM64 = Release|ARM64
		Release|x64 = Release|x64
		Release|x86 = Release|x86
	EndGlobalSection
	GlobalSection(ProjectConfigurationPlatforms) = postSolution
		{DD5C2FA8-2301-4019-AE09-E96DAD6A94C5}.Debug|Any CPU.ActiveCfg = Debug|Any CPU
		{DD5C2FA8-2301-4019-AE09-E96DAD6A94C5}.Debug|Any CPU.Build.0 = Debug|Any CPU
		{DD5C2FA8-2301-4019-AE09-E96DAD6A94C5}.Debug|ARM.ActiveCfg = Debug|Any CPU
		{DD5C2FA8-2301-4019-AE09-E96DAD6A94C5}.Debug|ARM.Build.0 = Debug|Any CPU
		{DD5C2FA8-2301-4019-AE09-E96DAD6A94C5}.Debug|ARM64.ActiveCfg = Debug|Any CPU
		{DD5C2FA8-2301-4019-AE09-E96DAD6A94C5}.Debug|ARM64.Build.0 = Debug|Any CPU
		{DD5C2FA8-2301-4019-AE09-E96DAD6A94C5}.Debug|x64.ActiveCfg = Debug|Any CPU
		{DD5C2FA8-2301-4019-AE09-E96DAD6A94C5}.Debug|x64.Build.0 = Debug|Any CPU
		{DD5C2FA8-2301-4019-AE09-E96DAD6A94C5}.Debug|x86.ActiveCfg = Debug|Any CPU
		{DD5C2FA8-2301-4019-AE09-E96DAD6A94C5}.Debug|x86.Build.0 = Debug|Any CPU
		{DD5C2FA8-2301-4019-AE09-E96DAD6A94C5}.Release|Any CPU.ActiveCfg = Release|Any CPU
		{DD5C2FA8-2301-4019-AE09-E96DAD6A94C5}.Release|Any CPU.Build.0 = Release|Any CPU
		{DD5C2FA8-2301-4019-AE09-E96DAD6A94C5}.Release|ARM.ActiveCfg = Release|Any CPU
		{DD5C2FA8-2301-4019-AE09-E96DAD6A94C5}.Release|ARM.Build.0 = Release|Any CPU
		{DD5C2FA8-2301-4019-AE09-E96DAD6A94C5}.Release|ARM64.ActiveCfg = Release|Any CPU
		{DD5C2FA8-2301-4019-AE09-E96DAD6A94C5}.Release|ARM64.Build.0 = Release|Any CPU
		{DD5C2FA8-2301-4019-AE09-E96DAD6A94C5}.Release|x64.ActiveCfg = Release|Any CPU
		{DD5C2FA8-2301-4019-AE09-E96DAD6A94C5}.Release|x64.Build.0 = Release|Any CPU
		{DD5C2FA8-2301-4019-AE09-E96DAD6A94C5}.Release|x86.ActiveCfg = Release|Any CPU
		{DD5C2FA8-2301-4019-AE09-E96DAD6A94C5}.Release|x86.Build.0 = Release|Any CPU
		{BFFD3508-DFF3-47AA-A46C-6F7638B352E1}.Debug|Any CPU.ActiveCfg = Debug|Any CPU
		{BFFD3508-DFF3-47AA-A46C-6F7638B352E1}.Debug|Any CPU.Build.0 = Debug|Any CPU
		{BFFD3508-DFF3-47AA-A46C-6F7638B352E1}.Debug|ARM.ActiveCfg = Debug|Any CPU
		{BFFD3508-DFF3-47AA-A46C-6F7638B352E1}.Debug|ARM.Build.0 = Debug|Any CPU
		{BFFD3508-DFF3-47AA-A46C-6F7638B352E1}.Debug|ARM64.ActiveCfg = Debug|Any CPU
		{BFFD3508-DFF3-47AA-A46C-6F7638B352E1}.Debug|ARM64.Build.0 = Debug|Any CPU
		{BFFD3508-DFF3-47AA-A46C-6F7638B352E1}.Debug|x64.ActiveCfg = Debug|Any CPU
		{BFFD3508-DFF3-47AA-A46C-6F7638B352E1}.Debug|x64.Build.0 = Debug|Any CPU
		{BFFD3508-DFF3-47AA-A46C-6F7638B352E1}.Debug|x86.ActiveCfg = Debug|Any CPU
		{BFFD3508-DFF3-47AA-A46C-6F7638B352E1}.Debug|x86.Build.0 = Debug|Any CPU
		{BFFD3508-DFF3-47AA-A46C-6F7638B352E1}.Release|Any CPU.ActiveCfg = Release|Any CPU
		{BFFD3508-DFF3-47AA-A46C-6F7638B352E1}.Release|Any CPU.Build.0 = Release|Any CPU
		{BFFD3508-DFF3-47AA-A46C-6F7638B352E1}.Release|ARM.ActiveCfg = Release|Any CPU
		{BFFD3508-DFF3-47AA-A46C-6F7638B352E1}.Release|ARM.Build.0 = Release|Any CPU
		{BFFD3508-DFF3-47AA-A46C-6F7638B352E1}.Release|ARM64.ActiveCfg = Release|Any CPU
		{BFFD3508-DFF3-47AA-A46C-6F7638B352E1}.Release|ARM64.Build.0 = Release|Any CPU
		{BFFD3508-DFF3-47AA-A46C-6F7638B352E1}.Release|x64.ActiveCfg = Release|Any CPU
		{BFFD3508-DFF3-47AA-A46C-6F7638B352E1}.Release|x64.Build.0 = Release|Any CPU
		{BFFD3508-DFF3-47AA-A46C-6F7638B352E1}.Release|x86.ActiveCfg = Release|Any CPU
		{BFFD3508-DFF3-47AA-A46C-6F7638B352E1}.Release|x86.Build.0 = Release|Any CPU
		{C33CA9CC-7DE4-49F5-A2B0-5084897BCDB5}.Debug|Any CPU.ActiveCfg = Debug|Any CPU
		{C33CA9CC-7DE4-49F5-A2B0-5084897BCDB5}.Debug|Any CPU.Build.0 = Debug|Any CPU
		{C33CA9CC-7DE4-49F5-A2B0-5084897BCDB5}.Debug|ARM.ActiveCfg = Debug|Any CPU
		{C33CA9CC-7DE4-49F5-A2B0-5084897BCDB5}.Debug|ARM.Build.0 = Debug|Any CPU
		{C33CA9CC-7DE4-49F5-A2B0-5084897BCDB5}.Debug|ARM64.ActiveCfg = Debug|Any CPU
		{C33CA9CC-7DE4-49F5-A2B0-5084897BCDB5}.Debug|ARM64.Build.0 = Debug|Any CPU
		{C33CA9CC-7DE4-49F5-A2B0-5084897BCDB5}.Debug|x64.ActiveCfg = Debug|Any CPU
		{C33CA9CC-7DE4-49F5-A2B0-5084897BCDB5}.Debug|x64.Build.0 = Debug|Any CPU
		{C33CA9CC-7DE4-49F5-A2B0-5084897BCDB5}.Debug|x86.ActiveCfg = Debug|Any CPU
		{C33CA9CC-7DE4-49F5-A2B0-5084897BCDB5}.Debug|x86.Build.0 = Debug|Any CPU
		{C33CA9CC-7DE4-49F5-A2B0-5084897BCDB5}.Release|Any CPU.ActiveCfg = Release|Any CPU
		{C33CA9CC-7DE4-49F5-A2B0-5084897BCDB5}.Release|Any CPU.Build.0 = Release|Any CPU
		{C33CA9CC-7DE4-49F5-A2B0-5084897BCDB5}.Release|ARM.ActiveCfg = Release|Any CPU
		{C33CA9CC-7DE4-49F5-A2B0-5084897BCDB5}.Release|ARM.Build.0 = Release|Any CPU
		{C33CA9CC-7DE4-49F5-A2B0-5084897BCDB5}.Release|ARM64.ActiveCfg = Release|Any CPU
		{C33CA9CC-7DE4-49F5-A2B0-5084897BCDB5}.Release|ARM64.Build.0 = Release|Any CPU
		{C33CA9CC-7DE4-49F5-A2B0-5084897BCDB5}.Release|x64.ActiveCfg = Release|Any CPU
		{C33CA9CC-7DE4-49F5-A2B0-5084897BCDB5}.Release|x64.Build.0 = Release|Any CPU
		{C33CA9CC-7DE4-49F5-A2B0-5084897BCDB5}.Release|x86.ActiveCfg = Release|Any CPU
		{C33CA9CC-7DE4-49F5-A2B0-5084897BCDB5}.Release|x86.Build.0 = Release|Any CPU
		{84FC31E8-B5AA-450A-99FA-F3608F609886}.Debug|Any CPU.ActiveCfg = Debug|Any CPU
		{84FC31E8-B5AA-450A-99FA-F3608F609886}.Debug|Any CPU.Build.0 = Debug|Any CPU
		{84FC31E8-B5AA-450A-99FA-F3608F609886}.Debug|ARM.ActiveCfg = Debug|Any CPU
		{84FC31E8-B5AA-450A-99FA-F3608F609886}.Debug|ARM.Build.0 = Debug|Any CPU
		{84FC31E8-B5AA-450A-99FA-F3608F609886}.Debug|ARM64.ActiveCfg = Debug|Any CPU
		{84FC31E8-B5AA-450A-99FA-F3608F609886}.Debug|ARM64.Build.0 = Debug|Any CPU
		{84FC31E8-B5AA-450A-99FA-F3608F609886}.Debug|x64.ActiveCfg = Debug|Any CPU
		{84FC31E8-B5AA-450A-99FA-F3608F609886}.Debug|x64.Build.0 = Debug|Any CPU
		{84FC31E8-B5AA-450A-99FA-F3608F609886}.Debug|x86.ActiveCfg = Debug|Any CPU
		{84FC31E8-B5AA-450A-99FA-F3608F609886}.Debug|x86.Build.0 = Debug|Any CPU
		{84FC31E8-B5AA-450A-99FA-F3608F609886}.Release|Any CPU.ActiveCfg = Release|Any CPU
		{84FC31E8-B5AA-450A-99FA-F3608F609886}.Release|Any CPU.Build.0 = Release|Any CPU
		{84FC31E8-B5AA-450A-99FA-F3608F609886}.Release|ARM.ActiveCfg = Release|Any CPU
		{84FC31E8-B5AA-450A-99FA-F3608F609886}.Release|ARM.Build.0 = Release|Any CPU
		{84FC31E8-B5AA-450A-99FA-F3608F609886}.Release|ARM64.ActiveCfg = Release|Any CPU
		{84FC31E8-B5AA-450A-99FA-F3608F609886}.Release|ARM64.Build.0 = Release|Any CPU
		{84FC31E8-B5AA-450A-99FA-F3608F609886}.Release|x64.ActiveCfg = Release|Any CPU
		{84FC31E8-B5AA-450A-99FA-F3608F609886}.Release|x64.Build.0 = Release|Any CPU
		{84FC31E8-B5AA-450A-99FA-F3608F609886}.Release|x86.ActiveCfg = Release|Any CPU
		{84FC31E8-B5AA-450A-99FA-F3608F609886}.Release|x86.Build.0 = Release|Any CPU
		{5A6D3EF8-2CDC-430A-8F32-B76E2F1A906C}.Debug|Any CPU.ActiveCfg = Debug|Any CPU
		{5A6D3EF8-2CDC-430A-8F32-B76E2F1A906C}.Debug|Any CPU.Build.0 = Debug|Any CPU
		{5A6D3EF8-2CDC-430A-8F32-B76E2F1A906C}.Debug|ARM.ActiveCfg = Debug|Any CPU
		{5A6D3EF8-2CDC-430A-8F32-B76E2F1A906C}.Debug|ARM.Build.0 = Debug|Any CPU
		{5A6D3EF8-2CDC-430A-8F32-B76E2F1A906C}.Debug|ARM64.ActiveCfg = Debug|Any CPU
		{5A6D3EF8-2CDC-430A-8F32-B76E2F1A906C}.Debug|ARM64.Build.0 = Debug|Any CPU
		{5A6D3EF8-2CDC-430A-8F32-B76E2F1A906C}.Debug|x64.ActiveCfg = Debug|Any CPU
		{5A6D3EF8-2CDC-430A-8F32-B76E2F1A906C}.Debug|x64.Build.0 = Debug|Any CPU
		{5A6D3EF8-2CDC-430A-8F32-B76E2F1A906C}.Debug|x86.ActiveCfg = Debug|Any CPU
		{5A6D3EF8-2CDC-430A-8F32-B76E2F1A906C}.Debug|x86.Build.0 = Debug|Any CPU
		{5A6D3EF8-2CDC-430A-8F32-B76E2F1A906C}.Release|Any CPU.ActiveCfg = Release|Any CPU
		{5A6D3EF8-2CDC-430A-8F32-B76E2F1A906C}.Release|Any CPU.Build.0 = Release|Any CPU
		{5A6D3EF8-2CDC-430A-8F32-B76E2F1A906C}.Release|ARM.ActiveCfg = Release|Any CPU
		{5A6D3EF8-2CDC-430A-8F32-B76E2F1A906C}.Release|ARM.Build.0 = Release|Any CPU
		{5A6D3EF8-2CDC-430A-8F32-B76E2F1A906C}.Release|ARM64.ActiveCfg = Release|Any CPU
		{5A6D3EF8-2CDC-430A-8F32-B76E2F1A906C}.Release|ARM64.Build.0 = Release|Any CPU
		{5A6D3EF8-2CDC-430A-8F32-B76E2F1A906C}.Release|x64.ActiveCfg = Release|Any CPU
		{5A6D3EF8-2CDC-430A-8F32-B76E2F1A906C}.Release|x64.Build.0 = Release|Any CPU
		{5A6D3EF8-2CDC-430A-8F32-B76E2F1A906C}.Release|x86.ActiveCfg = Release|Any CPU
		{5A6D3EF8-2CDC-430A-8F32-B76E2F1A906C}.Release|x86.Build.0 = Release|Any CPU
		{CFE272D3-9C6B-4E19-BCAB-797C1A0BABE9}.Debug|Any CPU.ActiveCfg = Debug|Any CPU
		{CFE272D3-9C6B-4E19-BCAB-797C1A0BABE9}.Debug|Any CPU.Build.0 = Debug|Any CPU
		{CFE272D3-9C6B-4E19-BCAB-797C1A0BABE9}.Debug|ARM.ActiveCfg = Debug|Any CPU
		{CFE272D3-9C6B-4E19-BCAB-797C1A0BABE9}.Debug|ARM.Build.0 = Debug|Any CPU
		{CFE272D3-9C6B-4E19-BCAB-797C1A0BABE9}.Debug|ARM64.ActiveCfg = Debug|Any CPU
		{CFE272D3-9C6B-4E19-BCAB-797C1A0BABE9}.Debug|ARM64.Build.0 = Debug|Any CPU
		{CFE272D3-9C6B-4E19-BCAB-797C1A0BABE9}.Debug|x64.ActiveCfg = Debug|Any CPU
		{CFE272D3-9C6B-4E19-BCAB-797C1A0BABE9}.Debug|x64.Build.0 = Debug|Any CPU
		{CFE272D3-9C6B-4E19-BCAB-797C1A0BABE9}.Debug|x86.ActiveCfg = Debug|Any CPU
		{CFE272D3-9C6B-4E19-BCAB-797C1A0BABE9}.Debug|x86.Build.0 = Debug|Any CPU
		{CFE272D3-9C6B-4E19-BCAB-797C1A0BABE9}.Release|Any CPU.ActiveCfg = Release|Any CPU
		{CFE272D3-9C6B-4E19-BCAB-797C1A0BABE9}.Release|Any CPU.Build.0 = Release|Any CPU
		{CFE272D3-9C6B-4E19-BCAB-797C1A0BABE9}.Release|ARM.ActiveCfg = Release|Any CPU
		{CFE272D3-9C6B-4E19-BCAB-797C1A0BABE9}.Release|ARM.Build.0 = Release|Any CPU
		{CFE272D3-9C6B-4E19-BCAB-797C1A0BABE9}.Release|ARM64.ActiveCfg = Release|Any CPU
		{CFE272D3-9C6B-4E19-BCAB-797C1A0BABE9}.Release|ARM64.Build.0 = Release|Any CPU
		{CFE272D3-9C6B-4E19-BCAB-797C1A0BABE9}.Release|x64.ActiveCfg = Release|Any CPU
		{CFE272D3-9C6B-4E19-BCAB-797C1A0BABE9}.Release|x64.Build.0 = Release|Any CPU
		{CFE272D3-9C6B-4E19-BCAB-797C1A0BABE9}.Release|x86.ActiveCfg = Release|Any CPU
		{CFE272D3-9C6B-4E19-BCAB-797C1A0BABE9}.Release|x86.Build.0 = Release|Any CPU
		{50646FB4-F006-44D0-8458-D28AA89CEEE9}.Debug|Any CPU.ActiveCfg = Debug|Any CPU
		{50646FB4-F006-44D0-8458-D28AA89CEEE9}.Debug|Any CPU.Build.0 = Debug|Any CPU
		{50646FB4-F006-44D0-8458-D28AA89CEEE9}.Debug|ARM.ActiveCfg = Debug|Any CPU
		{50646FB4-F006-44D0-8458-D28AA89CEEE9}.Debug|ARM.Build.0 = Debug|Any CPU
		{50646FB4-F006-44D0-8458-D28AA89CEEE9}.Debug|ARM64.ActiveCfg = Debug|Any CPU
		{50646FB4-F006-44D0-8458-D28AA89CEEE9}.Debug|ARM64.Build.0 = Debug|Any CPU
		{50646FB4-F006-44D0-8458-D28AA89CEEE9}.Debug|x64.ActiveCfg = Debug|Any CPU
		{50646FB4-F006-44D0-8458-D28AA89CEEE9}.Debug|x64.Build.0 = Debug|Any CPU
		{50646FB4-F006-44D0-8458-D28AA89CEEE9}.Debug|x86.ActiveCfg = Debug|Any CPU
		{50646FB4-F006-44D0-8458-D28AA89CEEE9}.Debug|x86.Build.0 = Debug|Any CPU
		{50646FB4-F006-44D0-8458-D28AA89CEEE9}.Release|Any CPU.ActiveCfg = Release|Any CPU
		{50646FB4-F006-44D0-8458-D28AA89CEEE9}.Release|Any CPU.Build.0 = Release|Any CPU
		{50646FB4-F006-44D0-8458-D28AA89CEEE9}.Release|ARM.ActiveCfg = Release|Any CPU
		{50646FB4-F006-44D0-8458-D28AA89CEEE9}.Release|ARM.Build.0 = Release|Any CPU
		{50646FB4-F006-44D0-8458-D28AA89CEEE9}.Release|ARM64.ActiveCfg = Release|Any CPU
		{50646FB4-F006-44D0-8458-D28AA89CEEE9}.Release|ARM64.Build.0 = Release|Any CPU
		{50646FB4-F006-44D0-8458-D28AA89CEEE9}.Release|x64.ActiveCfg = Release|Any CPU
		{50646FB4-F006-44D0-8458-D28AA89CEEE9}.Release|x64.Build.0 = Release|Any CPU
		{50646FB4-F006-44D0-8458-D28AA89CEEE9}.Release|x86.ActiveCfg = Release|Any CPU
		{50646FB4-F006-44D0-8458-D28AA89CEEE9}.Release|x86.Build.0 = Release|Any CPU
		{7CFDCD55-1A48-43D7-A22A-D0F2A579785A}.Debug|Any CPU.ActiveCfg = Debug|Any CPU
		{7CFDCD55-1A48-43D7-A22A-D0F2A579785A}.Debug|Any CPU.Build.0 = Debug|Any CPU
		{7CFDCD55-1A48-43D7-A22A-D0F2A579785A}.Debug|ARM.ActiveCfg = Debug|Any CPU
		{7CFDCD55-1A48-43D7-A22A-D0F2A579785A}.Debug|ARM.Build.0 = Debug|Any CPU
		{7CFDCD55-1A48-43D7-A22A-D0F2A579785A}.Debug|ARM64.ActiveCfg = Debug|Any CPU
		{7CFDCD55-1A48-43D7-A22A-D0F2A579785A}.Debug|ARM64.Build.0 = Debug|Any CPU
		{7CFDCD55-1A48-43D7-A22A-D0F2A579785A}.Debug|x64.ActiveCfg = Debug|Any CPU
		{7CFDCD55-1A48-43D7-A22A-D0F2A579785A}.Debug|x64.Build.0 = Debug|Any CPU
		{7CFDCD55-1A48-43D7-A22A-D0F2A579785A}.Debug|x86.ActiveCfg = Debug|Any CPU
		{7CFDCD55-1A48-43D7-A22A-D0F2A579785A}.Debug|x86.Build.0 = Debug|Any CPU
		{7CFDCD55-1A48-43D7-A22A-D0F2A579785A}.Release|Any CPU.ActiveCfg = Release|Any CPU
		{7CFDCD55-1A48-43D7-A22A-D0F2A579785A}.Release|Any CPU.Build.0 = Release|Any CPU
		{7CFDCD55-1A48-43D7-A22A-D0F2A579785A}.Release|ARM.ActiveCfg = Release|Any CPU
		{7CFDCD55-1A48-43D7-A22A-D0F2A579785A}.Release|ARM.Build.0 = Release|Any CPU
		{7CFDCD55-1A48-43D7-A22A-D0F2A579785A}.Release|ARM64.ActiveCfg = Release|Any CPU
		{7CFDCD55-1A48-43D7-A22A-D0F2A579785A}.Release|ARM64.Build.0 = Release|Any CPU
		{7CFDCD55-1A48-43D7-A22A-D0F2A579785A}.Release|x64.ActiveCfg = Release|Any CPU
		{7CFDCD55-1A48-43D7-A22A-D0F2A579785A}.Release|x64.Build.0 = Release|Any CPU
		{7CFDCD55-1A48-43D7-A22A-D0F2A579785A}.Release|x86.ActiveCfg = Release|Any CPU
		{7CFDCD55-1A48-43D7-A22A-D0F2A579785A}.Release|x86.Build.0 = Release|Any CPU
		{B6026295-62C6-4E60-81FE-788B31FC5767}.Debug|Any CPU.ActiveCfg = Debug|Any CPU
		{B6026295-62C6-4E60-81FE-788B31FC5767}.Debug|Any CPU.Build.0 = Debug|Any CPU
		{B6026295-62C6-4E60-81FE-788B31FC5767}.Debug|ARM.ActiveCfg = Debug|Any CPU
		{B6026295-62C6-4E60-81FE-788B31FC5767}.Debug|ARM.Build.0 = Debug|Any CPU
		{B6026295-62C6-4E60-81FE-788B31FC5767}.Debug|ARM64.ActiveCfg = Debug|Any CPU
		{B6026295-62C6-4E60-81FE-788B31FC5767}.Debug|ARM64.Build.0 = Debug|Any CPU
		{B6026295-62C6-4E60-81FE-788B31FC5767}.Debug|x64.ActiveCfg = Debug|Any CPU
		{B6026295-62C6-4E60-81FE-788B31FC5767}.Debug|x64.Build.0 = Debug|Any CPU
		{B6026295-62C6-4E60-81FE-788B31FC5767}.Debug|x86.ActiveCfg = Debug|Any CPU
		{B6026295-62C6-4E60-81FE-788B31FC5767}.Debug|x86.Build.0 = Debug|Any CPU
		{B6026295-62C6-4E60-81FE-788B31FC5767}.Release|Any CPU.ActiveCfg = Release|Any CPU
		{B6026295-62C6-4E60-81FE-788B31FC5767}.Release|Any CPU.Build.0 = Release|Any CPU
		{B6026295-62C6-4E60-81FE-788B31FC5767}.Release|ARM.ActiveCfg = Release|Any CPU
		{B6026295-62C6-4E60-81FE-788B31FC5767}.Release|ARM.Build.0 = Release|Any CPU
		{B6026295-62C6-4E60-81FE-788B31FC5767}.Release|ARM64.ActiveCfg = Release|Any CPU
		{B6026295-62C6-4E60-81FE-788B31FC5767}.Release|ARM64.Build.0 = Release|Any CPU
		{B6026295-62C6-4E60-81FE-788B31FC5767}.Release|x64.ActiveCfg = Release|Any CPU
		{B6026295-62C6-4E60-81FE-788B31FC5767}.Release|x64.Build.0 = Release|Any CPU
		{B6026295-62C6-4E60-81FE-788B31FC5767}.Release|x86.ActiveCfg = Release|Any CPU
		{B6026295-62C6-4E60-81FE-788B31FC5767}.Release|x86.Build.0 = Release|Any CPU
		{0D3E96B3-BA82-437F-B0CE-1ACD03C944A4}.Debug|Any CPU.ActiveCfg = Debug|Any CPU
		{0D3E96B3-BA82-437F-B0CE-1ACD03C944A4}.Debug|Any CPU.Build.0 = Debug|Any CPU
		{0D3E96B3-BA82-437F-B0CE-1ACD03C944A4}.Debug|ARM.ActiveCfg = Debug|Any CPU
		{0D3E96B3-BA82-437F-B0CE-1ACD03C944A4}.Debug|ARM.Build.0 = Debug|Any CPU
		{0D3E96B3-BA82-437F-B0CE-1ACD03C944A4}.Debug|ARM64.ActiveCfg = Debug|Any CPU
		{0D3E96B3-BA82-437F-B0CE-1ACD03C944A4}.Debug|ARM64.Build.0 = Debug|Any CPU
		{0D3E96B3-BA82-437F-B0CE-1ACD03C944A4}.Debug|x64.ActiveCfg = Debug|Any CPU
		{0D3E96B3-BA82-437F-B0CE-1ACD03C944A4}.Debug|x64.Build.0 = Debug|Any CPU
		{0D3E96B3-BA82-437F-B0CE-1ACD03C944A4}.Debug|x86.ActiveCfg = Debug|Any CPU
		{0D3E96B3-BA82-437F-B0CE-1ACD03C944A4}.Debug|x86.Build.0 = Debug|Any CPU
		{0D3E96B3-BA82-437F-B0CE-1ACD03C944A4}.Release|Any CPU.ActiveCfg = Release|Any CPU
		{0D3E96B3-BA82-437F-B0CE-1ACD03C944A4}.Release|Any CPU.Build.0 = Release|Any CPU
		{0D3E96B3-BA82-437F-B0CE-1ACD03C944A4}.Release|ARM.ActiveCfg = Release|Any CPU
		{0D3E96B3-BA82-437F-B0CE-1ACD03C944A4}.Release|ARM.Build.0 = Release|Any CPU
		{0D3E96B3-BA82-437F-B0CE-1ACD03C944A4}.Release|ARM64.ActiveCfg = Release|Any CPU
		{0D3E96B3-BA82-437F-B0CE-1ACD03C944A4}.Release|ARM64.Build.0 = Release|Any CPU
		{0D3E96B3-BA82-437F-B0CE-1ACD03C944A4}.Release|x64.ActiveCfg = Release|Any CPU
		{0D3E96B3-BA82-437F-B0CE-1ACD03C944A4}.Release|x64.Build.0 = Release|Any CPU
		{0D3E96B3-BA82-437F-B0CE-1ACD03C944A4}.Release|x86.ActiveCfg = Release|Any CPU
		{0D3E96B3-BA82-437F-B0CE-1ACD03C944A4}.Release|x86.Build.0 = Release|Any CPU
		{DA60684C-3BA5-4101-B72E-F357C605BA1F}.Debug|Any CPU.ActiveCfg = Debug|Any CPU
		{DA60684C-3BA5-4101-B72E-F357C605BA1F}.Debug|Any CPU.Build.0 = Debug|Any CPU
		{DA60684C-3BA5-4101-B72E-F357C605BA1F}.Debug|ARM.ActiveCfg = Debug|Any CPU
		{DA60684C-3BA5-4101-B72E-F357C605BA1F}.Debug|ARM.Build.0 = Debug|Any CPU
		{DA60684C-3BA5-4101-B72E-F357C605BA1F}.Debug|ARM64.ActiveCfg = Debug|Any CPU
		{DA60684C-3BA5-4101-B72E-F357C605BA1F}.Debug|ARM64.Build.0 = Debug|Any CPU
		{DA60684C-3BA5-4101-B72E-F357C605BA1F}.Debug|x64.ActiveCfg = Debug|Any CPU
		{DA60684C-3BA5-4101-B72E-F357C605BA1F}.Debug|x64.Build.0 = Debug|Any CPU
		{DA60684C-3BA5-4101-B72E-F357C605BA1F}.Debug|x86.ActiveCfg = Debug|Any CPU
		{DA60684C-3BA5-4101-B72E-F357C605BA1F}.Debug|x86.Build.0 = Debug|Any CPU
		{DA60684C-3BA5-4101-B72E-F357C605BA1F}.Release|Any CPU.ActiveCfg = Release|Any CPU
		{DA60684C-3BA5-4101-B72E-F357C605BA1F}.Release|Any CPU.Build.0 = Release|Any CPU
		{DA60684C-3BA5-4101-B72E-F357C605BA1F}.Release|ARM.ActiveCfg = Release|Any CPU
		{DA60684C-3BA5-4101-B72E-F357C605BA1F}.Release|ARM.Build.0 = Release|Any CPU
		{DA60684C-3BA5-4101-B72E-F357C605BA1F}.Release|ARM64.ActiveCfg = Release|Any CPU
		{DA60684C-3BA5-4101-B72E-F357C605BA1F}.Release|ARM64.Build.0 = Release|Any CPU
		{DA60684C-3BA5-4101-B72E-F357C605BA1F}.Release|x64.ActiveCfg = Release|Any CPU
		{DA60684C-3BA5-4101-B72E-F357C605BA1F}.Release|x64.Build.0 = Release|Any CPU
		{DA60684C-3BA5-4101-B72E-F357C605BA1F}.Release|x86.ActiveCfg = Release|Any CPU
		{DA60684C-3BA5-4101-B72E-F357C605BA1F}.Release|x86.Build.0 = Release|Any CPU
		{0816B727-B893-47B9-8869-453B925F7A6D}.Debug|Any CPU.ActiveCfg = Debug|Any CPU
		{0816B727-B893-47B9-8869-453B925F7A6D}.Debug|Any CPU.Build.0 = Debug|Any CPU
		{0816B727-B893-47B9-8869-453B925F7A6D}.Debug|ARM.ActiveCfg = Debug|Any CPU
		{0816B727-B893-47B9-8869-453B925F7A6D}.Debug|ARM.Build.0 = Debug|Any CPU
		{0816B727-B893-47B9-8869-453B925F7A6D}.Debug|ARM64.ActiveCfg = Debug|Any CPU
		{0816B727-B893-47B9-8869-453B925F7A6D}.Debug|ARM64.Build.0 = Debug|Any CPU
		{0816B727-B893-47B9-8869-453B925F7A6D}.Debug|x64.ActiveCfg = Debug|Any CPU
		{0816B727-B893-47B9-8869-453B925F7A6D}.Debug|x64.Build.0 = Debug|Any CPU
		{0816B727-B893-47B9-8869-453B925F7A6D}.Debug|x86.ActiveCfg = Debug|Any CPU
		{0816B727-B893-47B9-8869-453B925F7A6D}.Debug|x86.Build.0 = Debug|Any CPU
		{0816B727-B893-47B9-8869-453B925F7A6D}.Release|Any CPU.ActiveCfg = Release|Any CPU
		{0816B727-B893-47B9-8869-453B925F7A6D}.Release|Any CPU.Build.0 = Release|Any CPU
		{0816B727-B893-47B9-8869-453B925F7A6D}.Release|ARM.ActiveCfg = Release|Any CPU
		{0816B727-B893-47B9-8869-453B925F7A6D}.Release|ARM.Build.0 = Release|Any CPU
		{0816B727-B893-47B9-8869-453B925F7A6D}.Release|ARM64.ActiveCfg = Release|Any CPU
		{0816B727-B893-47B9-8869-453B925F7A6D}.Release|ARM64.Build.0 = Release|Any CPU
		{0816B727-B893-47B9-8869-453B925F7A6D}.Release|x64.ActiveCfg = Release|Any CPU
		{0816B727-B893-47B9-8869-453B925F7A6D}.Release|x64.Build.0 = Release|Any CPU
		{0816B727-B893-47B9-8869-453B925F7A6D}.Release|x86.ActiveCfg = Release|Any CPU
		{0816B727-B893-47B9-8869-453B925F7A6D}.Release|x86.Build.0 = Release|Any CPU
		{59A4D899-B36F-4D76-8C20-2BA8D4095D2A}.Debug|Any CPU.ActiveCfg = Debug|Any CPU
		{59A4D899-B36F-4D76-8C20-2BA8D4095D2A}.Debug|Any CPU.Build.0 = Debug|Any CPU
		{59A4D899-B36F-4D76-8C20-2BA8D4095D2A}.Debug|ARM.ActiveCfg = Debug|Any CPU
		{59A4D899-B36F-4D76-8C20-2BA8D4095D2A}.Debug|ARM.Build.0 = Debug|Any CPU
		{59A4D899-B36F-4D76-8C20-2BA8D4095D2A}.Debug|ARM64.ActiveCfg = Debug|Any CPU
		{59A4D899-B36F-4D76-8C20-2BA8D4095D2A}.Debug|ARM64.Build.0 = Debug|Any CPU
		{59A4D899-B36F-4D76-8C20-2BA8D4095D2A}.Debug|x64.ActiveCfg = Debug|Any CPU
		{59A4D899-B36F-4D76-8C20-2BA8D4095D2A}.Debug|x64.Build.0 = Debug|Any CPU
		{59A4D899-B36F-4D76-8C20-2BA8D4095D2A}.Debug|x86.ActiveCfg = Debug|Any CPU
		{59A4D899-B36F-4D76-8C20-2BA8D4095D2A}.Debug|x86.Build.0 = Debug|Any CPU
		{59A4D899-B36F-4D76-8C20-2BA8D4095D2A}.Release|Any CPU.ActiveCfg = Release|Any CPU
		{59A4D899-B36F-4D76-8C20-2BA8D4095D2A}.Release|Any CPU.Build.0 = Release|Any CPU
		{59A4D899-B36F-4D76-8C20-2BA8D4095D2A}.Release|ARM.ActiveCfg = Release|Any CPU
		{59A4D899-B36F-4D76-8C20-2BA8D4095D2A}.Release|ARM.Build.0 = Release|Any CPU
		{59A4D899-B36F-4D76-8C20-2BA8D4095D2A}.Release|ARM64.ActiveCfg = Release|Any CPU
		{59A4D899-B36F-4D76-8C20-2BA8D4095D2A}.Release|ARM64.Build.0 = Release|Any CPU
		{59A4D899-B36F-4D76-8C20-2BA8D4095D2A}.Release|x64.ActiveCfg = Release|Any CPU
		{59A4D899-B36F-4D76-8C20-2BA8D4095D2A}.Release|x64.Build.0 = Release|Any CPU
		{59A4D899-B36F-4D76-8C20-2BA8D4095D2A}.Release|x86.ActiveCfg = Release|Any CPU
		{59A4D899-B36F-4D76-8C20-2BA8D4095D2A}.Release|x86.Build.0 = Release|Any CPU
		{DB542201-46C7-4C6E-A798-093746354F6A}.Debug|Any CPU.ActiveCfg = Debug|Any CPU
		{DB542201-46C7-4C6E-A798-093746354F6A}.Debug|Any CPU.Build.0 = Debug|Any CPU
		{DB542201-46C7-4C6E-A798-093746354F6A}.Debug|ARM.ActiveCfg = Debug|Any CPU
		{DB542201-46C7-4C6E-A798-093746354F6A}.Debug|ARM.Build.0 = Debug|Any CPU
		{DB542201-46C7-4C6E-A798-093746354F6A}.Debug|ARM64.ActiveCfg = Debug|Any CPU
		{DB542201-46C7-4C6E-A798-093746354F6A}.Debug|ARM64.Build.0 = Debug|Any CPU
		{DB542201-46C7-4C6E-A798-093746354F6A}.Debug|x64.ActiveCfg = Debug|Any CPU
		{DB542201-46C7-4C6E-A798-093746354F6A}.Debug|x64.Build.0 = Debug|Any CPU
		{DB542201-46C7-4C6E-A798-093746354F6A}.Debug|x86.ActiveCfg = Debug|Any CPU
		{DB542201-46C7-4C6E-A798-093746354F6A}.Debug|x86.Build.0 = Debug|Any CPU
		{DB542201-46C7-4C6E-A798-093746354F6A}.Release|Any CPU.ActiveCfg = Release|Any CPU
		{DB542201-46C7-4C6E-A798-093746354F6A}.Release|Any CPU.Build.0 = Release|Any CPU
		{DB542201-46C7-4C6E-A798-093746354F6A}.Release|ARM.ActiveCfg = Release|Any CPU
		{DB542201-46C7-4C6E-A798-093746354F6A}.Release|ARM.Build.0 = Release|Any CPU
		{DB542201-46C7-4C6E-A798-093746354F6A}.Release|ARM64.ActiveCfg = Release|Any CPU
		{DB542201-46C7-4C6E-A798-093746354F6A}.Release|ARM64.Build.0 = Release|Any CPU
		{DB542201-46C7-4C6E-A798-093746354F6A}.Release|x64.ActiveCfg = Release|Any CPU
		{DB542201-46C7-4C6E-A798-093746354F6A}.Release|x64.Build.0 = Release|Any CPU
		{DB542201-46C7-4C6E-A798-093746354F6A}.Release|x86.ActiveCfg = Release|Any CPU
		{DB542201-46C7-4C6E-A798-093746354F6A}.Release|x86.Build.0 = Release|Any CPU
		{53FC62AC-DC1F-4F52-9799-AD25669615FB}.Debug|Any CPU.ActiveCfg = Debug|Any CPU
		{53FC62AC-DC1F-4F52-9799-AD25669615FB}.Debug|Any CPU.Build.0 = Debug|Any CPU
		{53FC62AC-DC1F-4F52-9799-AD25669615FB}.Debug|ARM.ActiveCfg = Debug|Any CPU
		{53FC62AC-DC1F-4F52-9799-AD25669615FB}.Debug|ARM.Build.0 = Debug|Any CPU
		{53FC62AC-DC1F-4F52-9799-AD25669615FB}.Debug|ARM64.ActiveCfg = Debug|Any CPU
		{53FC62AC-DC1F-4F52-9799-AD25669615FB}.Debug|ARM64.Build.0 = Debug|Any CPU
		{53FC62AC-DC1F-4F52-9799-AD25669615FB}.Debug|x64.ActiveCfg = Debug|Any CPU
		{53FC62AC-DC1F-4F52-9799-AD25669615FB}.Debug|x64.Build.0 = Debug|Any CPU
		{53FC62AC-DC1F-4F52-9799-AD25669615FB}.Debug|x86.ActiveCfg = Debug|Any CPU
		{53FC62AC-DC1F-4F52-9799-AD25669615FB}.Debug|x86.Build.0 = Debug|Any CPU
		{53FC62AC-DC1F-4F52-9799-AD25669615FB}.Release|Any CPU.ActiveCfg = Release|Any CPU
		{53FC62AC-DC1F-4F52-9799-AD25669615FB}.Release|Any CPU.Build.0 = Release|Any CPU
		{53FC62AC-DC1F-4F52-9799-AD25669615FB}.Release|ARM.ActiveCfg = Release|Any CPU
		{53FC62AC-DC1F-4F52-9799-AD25669615FB}.Release|ARM.Build.0 = Release|Any CPU
		{53FC62AC-DC1F-4F52-9799-AD25669615FB}.Release|ARM64.ActiveCfg = Release|Any CPU
		{53FC62AC-DC1F-4F52-9799-AD25669615FB}.Release|ARM64.Build.0 = Release|Any CPU
		{53FC62AC-DC1F-4F52-9799-AD25669615FB}.Release|x64.ActiveCfg = Release|Any CPU
		{53FC62AC-DC1F-4F52-9799-AD25669615FB}.Release|x64.Build.0 = Release|Any CPU
		{53FC62AC-DC1F-4F52-9799-AD25669615FB}.Release|x86.ActiveCfg = Release|Any CPU
		{53FC62AC-DC1F-4F52-9799-AD25669615FB}.Release|x86.Build.0 = Release|Any CPU
		{F8D14831-BE16-4EBF-B3FC-72826E15920E}.Debug|Any CPU.ActiveCfg = Debug|Any CPU
		{F8D14831-BE16-4EBF-B3FC-72826E15920E}.Debug|Any CPU.Build.0 = Debug|Any CPU
		{F8D14831-BE16-4EBF-B3FC-72826E15920E}.Debug|ARM.ActiveCfg = Debug|Any CPU
		{F8D14831-BE16-4EBF-B3FC-72826E15920E}.Debug|ARM.Build.0 = Debug|Any CPU
		{F8D14831-BE16-4EBF-B3FC-72826E15920E}.Debug|ARM64.ActiveCfg = Debug|Any CPU
		{F8D14831-BE16-4EBF-B3FC-72826E15920E}.Debug|ARM64.Build.0 = Debug|Any CPU
		{F8D14831-BE16-4EBF-B3FC-72826E15920E}.Debug|x64.ActiveCfg = Debug|Any CPU
		{F8D14831-BE16-4EBF-B3FC-72826E15920E}.Debug|x64.Build.0 = Debug|Any CPU
		{F8D14831-BE16-4EBF-B3FC-72826E15920E}.Debug|x86.ActiveCfg = Debug|Any CPU
		{F8D14831-BE16-4EBF-B3FC-72826E15920E}.Debug|x86.Build.0 = Debug|Any CPU
		{F8D14831-BE16-4EBF-B3FC-72826E15920E}.Release|Any CPU.ActiveCfg = Release|Any CPU
		{F8D14831-BE16-4EBF-B3FC-72826E15920E}.Release|Any CPU.Build.0 = Release|Any CPU
		{F8D14831-BE16-4EBF-B3FC-72826E15920E}.Release|ARM.ActiveCfg = Release|Any CPU
		{F8D14831-BE16-4EBF-B3FC-72826E15920E}.Release|ARM.Build.0 = Release|Any CPU
		{F8D14831-BE16-4EBF-B3FC-72826E15920E}.Release|ARM64.ActiveCfg = Release|Any CPU
		{F8D14831-BE16-4EBF-B3FC-72826E15920E}.Release|ARM64.Build.0 = Release|Any CPU
		{F8D14831-BE16-4EBF-B3FC-72826E15920E}.Release|x64.ActiveCfg = Release|Any CPU
		{F8D14831-BE16-4EBF-B3FC-72826E15920E}.Release|x64.Build.0 = Release|Any CPU
		{F8D14831-BE16-4EBF-B3FC-72826E15920E}.Release|x86.ActiveCfg = Release|Any CPU
		{F8D14831-BE16-4EBF-B3FC-72826E15920E}.Release|x86.Build.0 = Release|Any CPU
		{AF907A14-8304-4C58-95D4-A52DCD031341}.Debug|Any CPU.ActiveCfg = Debug|Any CPU
		{AF907A14-8304-4C58-95D4-A52DCD031341}.Debug|Any CPU.Build.0 = Debug|Any CPU
		{AF907A14-8304-4C58-95D4-A52DCD031341}.Debug|ARM.ActiveCfg = Debug|Any CPU
		{AF907A14-8304-4C58-95D4-A52DCD031341}.Debug|ARM.Build.0 = Debug|Any CPU
		{AF907A14-8304-4C58-95D4-A52DCD031341}.Debug|ARM64.ActiveCfg = Debug|Any CPU
		{AF907A14-8304-4C58-95D4-A52DCD031341}.Debug|ARM64.Build.0 = Debug|Any CPU
		{AF907A14-8304-4C58-95D4-A52DCD031341}.Debug|x64.ActiveCfg = Debug|Any CPU
		{AF907A14-8304-4C58-95D4-A52DCD031341}.Debug|x64.Build.0 = Debug|Any CPU
		{AF907A14-8304-4C58-95D4-A52DCD031341}.Debug|x86.ActiveCfg = Debug|Any CPU
		{AF907A14-8304-4C58-95D4-A52DCD031341}.Debug|x86.Build.0 = Debug|Any CPU
		{AF907A14-8304-4C58-95D4-A52DCD031341}.Release|Any CPU.ActiveCfg = Release|Any CPU
		{AF907A14-8304-4C58-95D4-A52DCD031341}.Release|Any CPU.Build.0 = Release|Any CPU
		{AF907A14-8304-4C58-95D4-A52DCD031341}.Release|ARM.ActiveCfg = Release|Any CPU
		{AF907A14-8304-4C58-95D4-A52DCD031341}.Release|ARM.Build.0 = Release|Any CPU
		{AF907A14-8304-4C58-95D4-A52DCD031341}.Release|ARM64.ActiveCfg = Release|Any CPU
		{AF907A14-8304-4C58-95D4-A52DCD031341}.Release|ARM64.Build.0 = Release|Any CPU
		{AF907A14-8304-4C58-95D4-A52DCD031341}.Release|x64.ActiveCfg = Release|Any CPU
		{AF907A14-8304-4C58-95D4-A52DCD031341}.Release|x64.Build.0 = Release|Any CPU
		{AF907A14-8304-4C58-95D4-A52DCD031341}.Release|x86.ActiveCfg = Release|Any CPU
		{AF907A14-8304-4C58-95D4-A52DCD031341}.Release|x86.Build.0 = Release|Any CPU
		{F8BBF56F-7CEC-4EB5-B24A-D65C5DDA2EAE}.Debug|Any CPU.ActiveCfg = Debug|Any CPU
		{F8BBF56F-7CEC-4EB5-B24A-D65C5DDA2EAE}.Debug|Any CPU.Build.0 = Debug|Any CPU
		{F8BBF56F-7CEC-4EB5-B24A-D65C5DDA2EAE}.Debug|ARM.ActiveCfg = Debug|Any CPU
		{F8BBF56F-7CEC-4EB5-B24A-D65C5DDA2EAE}.Debug|ARM.Build.0 = Debug|Any CPU
		{F8BBF56F-7CEC-4EB5-B24A-D65C5DDA2EAE}.Debug|ARM64.ActiveCfg = Debug|Any CPU
		{F8BBF56F-7CEC-4EB5-B24A-D65C5DDA2EAE}.Debug|ARM64.Build.0 = Debug|Any CPU
		{F8BBF56F-7CEC-4EB5-B24A-D65C5DDA2EAE}.Debug|x64.ActiveCfg = Debug|Any CPU
		{F8BBF56F-7CEC-4EB5-B24A-D65C5DDA2EAE}.Debug|x64.Build.0 = Debug|Any CPU
		{F8BBF56F-7CEC-4EB5-B24A-D65C5DDA2EAE}.Debug|x86.ActiveCfg = Debug|Any CPU
		{F8BBF56F-7CEC-4EB5-B24A-D65C5DDA2EAE}.Debug|x86.Build.0 = Debug|Any CPU
		{F8BBF56F-7CEC-4EB5-B24A-D65C5DDA2EAE}.Release|Any CPU.ActiveCfg = Release|Any CPU
		{F8BBF56F-7CEC-4EB5-B24A-D65C5DDA2EAE}.Release|Any CPU.Build.0 = Release|Any CPU
		{F8BBF56F-7CEC-4EB5-B24A-D65C5DDA2EAE}.Release|ARM.ActiveCfg = Release|Any CPU
		{F8BBF56F-7CEC-4EB5-B24A-D65C5DDA2EAE}.Release|ARM.Build.0 = Release|Any CPU
		{F8BBF56F-7CEC-4EB5-B24A-D65C5DDA2EAE}.Release|ARM64.ActiveCfg = Release|Any CPU
		{F8BBF56F-7CEC-4EB5-B24A-D65C5DDA2EAE}.Release|ARM64.Build.0 = Release|Any CPU
		{F8BBF56F-7CEC-4EB5-B24A-D65C5DDA2EAE}.Release|x64.ActiveCfg = Release|Any CPU
		{F8BBF56F-7CEC-4EB5-B24A-D65C5DDA2EAE}.Release|x64.Build.0 = Release|Any CPU
		{F8BBF56F-7CEC-4EB5-B24A-D65C5DDA2EAE}.Release|x86.ActiveCfg = Release|Any CPU
		{F8BBF56F-7CEC-4EB5-B24A-D65C5DDA2EAE}.Release|x86.Build.0 = Release|Any CPU
		{1258CA7A-D2F6-4B03-AE58-08D39D1CA057}.Debug|Any CPU.ActiveCfg = Debug|Any CPU
		{1258CA7A-D2F6-4B03-AE58-08D39D1CA057}.Debug|Any CPU.Build.0 = Debug|Any CPU
		{1258CA7A-D2F6-4B03-AE58-08D39D1CA057}.Debug|ARM.ActiveCfg = Debug|Any CPU
		{1258CA7A-D2F6-4B03-AE58-08D39D1CA057}.Debug|ARM.Build.0 = Debug|Any CPU
		{1258CA7A-D2F6-4B03-AE58-08D39D1CA057}.Debug|ARM64.ActiveCfg = Debug|Any CPU
		{1258CA7A-D2F6-4B03-AE58-08D39D1CA057}.Debug|ARM64.Build.0 = Debug|Any CPU
		{1258CA7A-D2F6-4B03-AE58-08D39D1CA057}.Debug|x64.ActiveCfg = Debug|Any CPU
		{1258CA7A-D2F6-4B03-AE58-08D39D1CA057}.Debug|x64.Build.0 = Debug|Any CPU
		{1258CA7A-D2F6-4B03-AE58-08D39D1CA057}.Debug|x86.ActiveCfg = Debug|Any CPU
		{1258CA7A-D2F6-4B03-AE58-08D39D1CA057}.Debug|x86.Build.0 = Debug|Any CPU
		{1258CA7A-D2F6-4B03-AE58-08D39D1CA057}.Release|Any CPU.ActiveCfg = Release|Any CPU
		{1258CA7A-D2F6-4B03-AE58-08D39D1CA057}.Release|Any CPU.Build.0 = Release|Any CPU
		{1258CA7A-D2F6-4B03-AE58-08D39D1CA057}.Release|ARM.ActiveCfg = Release|Any CPU
		{1258CA7A-D2F6-4B03-AE58-08D39D1CA057}.Release|ARM.Build.0 = Release|Any CPU
		{1258CA7A-D2F6-4B03-AE58-08D39D1CA057}.Release|ARM64.ActiveCfg = Release|Any CPU
		{1258CA7A-D2F6-4B03-AE58-08D39D1CA057}.Release|ARM64.Build.0 = Release|Any CPU
		{1258CA7A-D2F6-4B03-AE58-08D39D1CA057}.Release|x64.ActiveCfg = Release|Any CPU
		{1258CA7A-D2F6-4B03-AE58-08D39D1CA057}.Release|x64.Build.0 = Release|Any CPU
		{1258CA7A-D2F6-4B03-AE58-08D39D1CA057}.Release|x86.ActiveCfg = Release|Any CPU
		{1258CA7A-D2F6-4B03-AE58-08D39D1CA057}.Release|x86.Build.0 = Release|Any CPU
		{9B6B9DF0-0A9B-491B-93E4-EB3329032006}.Debug|Any CPU.ActiveCfg = Debug|Any CPU
		{9B6B9DF0-0A9B-491B-93E4-EB3329032006}.Debug|Any CPU.Build.0 = Debug|Any CPU
		{9B6B9DF0-0A9B-491B-93E4-EB3329032006}.Debug|ARM.ActiveCfg = Debug|Any CPU
		{9B6B9DF0-0A9B-491B-93E4-EB3329032006}.Debug|ARM.Build.0 = Debug|Any CPU
		{9B6B9DF0-0A9B-491B-93E4-EB3329032006}.Debug|ARM64.ActiveCfg = Debug|Any CPU
		{9B6B9DF0-0A9B-491B-93E4-EB3329032006}.Debug|ARM64.Build.0 = Debug|Any CPU
		{9B6B9DF0-0A9B-491B-93E4-EB3329032006}.Debug|x64.ActiveCfg = Debug|Any CPU
		{9B6B9DF0-0A9B-491B-93E4-EB3329032006}.Debug|x64.Build.0 = Debug|Any CPU
		{9B6B9DF0-0A9B-491B-93E4-EB3329032006}.Debug|x86.ActiveCfg = Debug|Any CPU
		{9B6B9DF0-0A9B-491B-93E4-EB3329032006}.Debug|x86.Build.0 = Debug|Any CPU
		{9B6B9DF0-0A9B-491B-93E4-EB3329032006}.Release|Any CPU.ActiveCfg = Release|Any CPU
		{9B6B9DF0-0A9B-491B-93E4-EB3329032006}.Release|Any CPU.Build.0 = Release|Any CPU
		{9B6B9DF0-0A9B-491B-93E4-EB3329032006}.Release|ARM.ActiveCfg = Release|Any CPU
		{9B6B9DF0-0A9B-491B-93E4-EB3329032006}.Release|ARM.Build.0 = Release|Any CPU
		{9B6B9DF0-0A9B-491B-93E4-EB3329032006}.Release|ARM64.ActiveCfg = Release|Any CPU
		{9B6B9DF0-0A9B-491B-93E4-EB3329032006}.Release|ARM64.Build.0 = Release|Any CPU
		{9B6B9DF0-0A9B-491B-93E4-EB3329032006}.Release|x64.ActiveCfg = Release|Any CPU
		{9B6B9DF0-0A9B-491B-93E4-EB3329032006}.Release|x64.Build.0 = Release|Any CPU
		{9B6B9DF0-0A9B-491B-93E4-EB3329032006}.Release|x86.ActiveCfg = Release|Any CPU
		{9B6B9DF0-0A9B-491B-93E4-EB3329032006}.Release|x86.Build.0 = Release|Any CPU
		{62AA91B9-A077-44A2-B0B7-B2EF03ECA627}.Debug|Any CPU.ActiveCfg = Debug|Any CPU
		{62AA91B9-A077-44A2-B0B7-B2EF03ECA627}.Debug|Any CPU.Build.0 = Debug|Any CPU
		{62AA91B9-A077-44A2-B0B7-B2EF03ECA627}.Debug|ARM.ActiveCfg = Debug|Any CPU
		{62AA91B9-A077-44A2-B0B7-B2EF03ECA627}.Debug|ARM.Build.0 = Debug|Any CPU
		{62AA91B9-A077-44A2-B0B7-B2EF03ECA627}.Debug|ARM64.ActiveCfg = Debug|Any CPU
		{62AA91B9-A077-44A2-B0B7-B2EF03ECA627}.Debug|ARM64.Build.0 = Debug|Any CPU
		{62AA91B9-A077-44A2-B0B7-B2EF03ECA627}.Debug|x64.ActiveCfg = Debug|Any CPU
		{62AA91B9-A077-44A2-B0B7-B2EF03ECA627}.Debug|x64.Build.0 = Debug|Any CPU
		{62AA91B9-A077-44A2-B0B7-B2EF03ECA627}.Debug|x86.ActiveCfg = Debug|Any CPU
		{62AA91B9-A077-44A2-B0B7-B2EF03ECA627}.Debug|x86.Build.0 = Debug|Any CPU
		{62AA91B9-A077-44A2-B0B7-B2EF03ECA627}.Release|Any CPU.ActiveCfg = Release|Any CPU
		{62AA91B9-A077-44A2-B0B7-B2EF03ECA627}.Release|Any CPU.Build.0 = Release|Any CPU
		{62AA91B9-A077-44A2-B0B7-B2EF03ECA627}.Release|ARM.ActiveCfg = Release|Any CPU
		{62AA91B9-A077-44A2-B0B7-B2EF03ECA627}.Release|ARM.Build.0 = Release|Any CPU
		{62AA91B9-A077-44A2-B0B7-B2EF03ECA627}.Release|ARM64.ActiveCfg = Release|Any CPU
		{62AA91B9-A077-44A2-B0B7-B2EF03ECA627}.Release|ARM64.Build.0 = Release|Any CPU
		{62AA91B9-A077-44A2-B0B7-B2EF03ECA627}.Release|x64.ActiveCfg = Release|Any CPU
		{62AA91B9-A077-44A2-B0B7-B2EF03ECA627}.Release|x64.Build.0 = Release|Any CPU
		{62AA91B9-A077-44A2-B0B7-B2EF03ECA627}.Release|x86.ActiveCfg = Release|Any CPU
		{62AA91B9-A077-44A2-B0B7-B2EF03ECA627}.Release|x86.Build.0 = Release|Any CPU
		{29F7F5B3-1E39-415A-B9FD-C870FB40E864}.Debug|Any CPU.ActiveCfg = Debug|Any CPU
		{29F7F5B3-1E39-415A-B9FD-C870FB40E864}.Debug|Any CPU.Build.0 = Debug|Any CPU
		{29F7F5B3-1E39-415A-B9FD-C870FB40E864}.Debug|ARM.ActiveCfg = Debug|Any CPU
		{29F7F5B3-1E39-415A-B9FD-C870FB40E864}.Debug|ARM.Build.0 = Debug|Any CPU
		{29F7F5B3-1E39-415A-B9FD-C870FB40E864}.Debug|ARM64.ActiveCfg = Debug|Any CPU
		{29F7F5B3-1E39-415A-B9FD-C870FB40E864}.Debug|ARM64.Build.0 = Debug|Any CPU
		{29F7F5B3-1E39-415A-B9FD-C870FB40E864}.Debug|x64.ActiveCfg = Debug|Any CPU
		{29F7F5B3-1E39-415A-B9FD-C870FB40E864}.Debug|x64.Build.0 = Debug|Any CPU
		{29F7F5B3-1E39-415A-B9FD-C870FB40E864}.Debug|x86.ActiveCfg = Debug|Any CPU
		{29F7F5B3-1E39-415A-B9FD-C870FB40E864}.Debug|x86.Build.0 = Debug|Any CPU
		{29F7F5B3-1E39-415A-B9FD-C870FB40E864}.Release|Any CPU.ActiveCfg = Release|Any CPU
		{29F7F5B3-1E39-415A-B9FD-C870FB40E864}.Release|Any CPU.Build.0 = Release|Any CPU
		{29F7F5B3-1E39-415A-B9FD-C870FB40E864}.Release|ARM.ActiveCfg = Release|Any CPU
		{29F7F5B3-1E39-415A-B9FD-C870FB40E864}.Release|ARM.Build.0 = Release|Any CPU
		{29F7F5B3-1E39-415A-B9FD-C870FB40E864}.Release|ARM64.ActiveCfg = Release|Any CPU
		{29F7F5B3-1E39-415A-B9FD-C870FB40E864}.Release|ARM64.Build.0 = Release|Any CPU
		{29F7F5B3-1E39-415A-B9FD-C870FB40E864}.Release|x64.ActiveCfg = Release|Any CPU
		{29F7F5B3-1E39-415A-B9FD-C870FB40E864}.Release|x64.Build.0 = Release|Any CPU
		{29F7F5B3-1E39-415A-B9FD-C870FB40E864}.Release|x86.ActiveCfg = Release|Any CPU
		{29F7F5B3-1E39-415A-B9FD-C870FB40E864}.Release|x86.Build.0 = Release|Any CPU
		{96FEB2F2-EF6F-43C6-ACD2-AECACAD7E0A6}.Debug|Any CPU.ActiveCfg = Debug|Any CPU
		{96FEB2F2-EF6F-43C6-ACD2-AECACAD7E0A6}.Debug|Any CPU.Build.0 = Debug|Any CPU
		{96FEB2F2-EF6F-43C6-ACD2-AECACAD7E0A6}.Debug|ARM.ActiveCfg = Debug|Any CPU
		{96FEB2F2-EF6F-43C6-ACD2-AECACAD7E0A6}.Debug|ARM.Build.0 = Debug|Any CPU
		{96FEB2F2-EF6F-43C6-ACD2-AECACAD7E0A6}.Debug|ARM64.ActiveCfg = Debug|Any CPU
		{96FEB2F2-EF6F-43C6-ACD2-AECACAD7E0A6}.Debug|ARM64.Build.0 = Debug|Any CPU
		{96FEB2F2-EF6F-43C6-ACD2-AECACAD7E0A6}.Debug|x64.ActiveCfg = Debug|Any CPU
		{96FEB2F2-EF6F-43C6-ACD2-AECACAD7E0A6}.Debug|x64.Build.0 = Debug|Any CPU
		{96FEB2F2-EF6F-43C6-ACD2-AECACAD7E0A6}.Debug|x86.ActiveCfg = Debug|Any CPU
		{96FEB2F2-EF6F-43C6-ACD2-AECACAD7E0A6}.Debug|x86.Build.0 = Debug|Any CPU
		{96FEB2F2-EF6F-43C6-ACD2-AECACAD7E0A6}.Release|Any CPU.ActiveCfg = Release|Any CPU
		{96FEB2F2-EF6F-43C6-ACD2-AECACAD7E0A6}.Release|Any CPU.Build.0 = Release|Any CPU
		{96FEB2F2-EF6F-43C6-ACD2-AECACAD7E0A6}.Release|ARM.ActiveCfg = Release|Any CPU
		{96FEB2F2-EF6F-43C6-ACD2-AECACAD7E0A6}.Release|ARM.Build.0 = Release|Any CPU
		{96FEB2F2-EF6F-43C6-ACD2-AECACAD7E0A6}.Release|ARM64.ActiveCfg = Release|Any CPU
		{96FEB2F2-EF6F-43C6-ACD2-AECACAD7E0A6}.Release|ARM64.Build.0 = Release|Any CPU
		{96FEB2F2-EF6F-43C6-ACD2-AECACAD7E0A6}.Release|x64.ActiveCfg = Release|Any CPU
		{96FEB2F2-EF6F-43C6-ACD2-AECACAD7E0A6}.Release|x64.Build.0 = Release|Any CPU
		{96FEB2F2-EF6F-43C6-ACD2-AECACAD7E0A6}.Release|x86.ActiveCfg = Release|Any CPU
		{96FEB2F2-EF6F-43C6-ACD2-AECACAD7E0A6}.Release|x86.Build.0 = Release|Any CPU
		{3D074F6A-E492-4F10-93FD-9085DE2F07B9}.Debug|Any CPU.ActiveCfg = Debug|Any CPU
		{3D074F6A-E492-4F10-93FD-9085DE2F07B9}.Debug|Any CPU.Build.0 = Debug|Any CPU
		{3D074F6A-E492-4F10-93FD-9085DE2F07B9}.Debug|ARM.ActiveCfg = Debug|Any CPU
		{3D074F6A-E492-4F10-93FD-9085DE2F07B9}.Debug|ARM.Build.0 = Debug|Any CPU
		{3D074F6A-E492-4F10-93FD-9085DE2F07B9}.Debug|ARM64.ActiveCfg = Debug|Any CPU
		{3D074F6A-E492-4F10-93FD-9085DE2F07B9}.Debug|ARM64.Build.0 = Debug|Any CPU
		{3D074F6A-E492-4F10-93FD-9085DE2F07B9}.Debug|x64.ActiveCfg = Debug|Any CPU
		{3D074F6A-E492-4F10-93FD-9085DE2F07B9}.Debug|x64.Build.0 = Debug|Any CPU
		{3D074F6A-E492-4F10-93FD-9085DE2F07B9}.Debug|x86.ActiveCfg = Debug|Any CPU
		{3D074F6A-E492-4F10-93FD-9085DE2F07B9}.Debug|x86.Build.0 = Debug|Any CPU
		{3D074F6A-E492-4F10-93FD-9085DE2F07B9}.Release|Any CPU.ActiveCfg = Release|Any CPU
		{3D074F6A-E492-4F10-93FD-9085DE2F07B9}.Release|Any CPU.Build.0 = Release|Any CPU
		{3D074F6A-E492-4F10-93FD-9085DE2F07B9}.Release|ARM.ActiveCfg = Release|Any CPU
		{3D074F6A-E492-4F10-93FD-9085DE2F07B9}.Release|ARM.Build.0 = Release|Any CPU
		{3D074F6A-E492-4F10-93FD-9085DE2F07B9}.Release|ARM64.ActiveCfg = Release|Any CPU
		{3D074F6A-E492-4F10-93FD-9085DE2F07B9}.Release|ARM64.Build.0 = Release|Any CPU
		{3D074F6A-E492-4F10-93FD-9085DE2F07B9}.Release|x64.ActiveCfg = Release|Any CPU
		{3D074F6A-E492-4F10-93FD-9085DE2F07B9}.Release|x64.Build.0 = Release|Any CPU
		{3D074F6A-E492-4F10-93FD-9085DE2F07B9}.Release|x86.ActiveCfg = Release|Any CPU
		{3D074F6A-E492-4F10-93FD-9085DE2F07B9}.Release|x86.Build.0 = Release|Any CPU
		{49D94745-2EC4-4FAD-9A0A-2951596932ED}.Debug|Any CPU.ActiveCfg = Debug|Any CPU
		{49D94745-2EC4-4FAD-9A0A-2951596932ED}.Debug|Any CPU.Build.0 = Debug|Any CPU
		{49D94745-2EC4-4FAD-9A0A-2951596932ED}.Debug|ARM.ActiveCfg = Debug|Any CPU
		{49D94745-2EC4-4FAD-9A0A-2951596932ED}.Debug|ARM.Build.0 = Debug|Any CPU
		{49D94745-2EC4-4FAD-9A0A-2951596932ED}.Debug|ARM64.ActiveCfg = Debug|Any CPU
		{49D94745-2EC4-4FAD-9A0A-2951596932ED}.Debug|ARM64.Build.0 = Debug|Any CPU
		{49D94745-2EC4-4FAD-9A0A-2951596932ED}.Debug|x64.ActiveCfg = Debug|Any CPU
		{49D94745-2EC4-4FAD-9A0A-2951596932ED}.Debug|x64.Build.0 = Debug|Any CPU
		{49D94745-2EC4-4FAD-9A0A-2951596932ED}.Debug|x86.ActiveCfg = Debug|Any CPU
		{49D94745-2EC4-4FAD-9A0A-2951596932ED}.Debug|x86.Build.0 = Debug|Any CPU
		{49D94745-2EC4-4FAD-9A0A-2951596932ED}.Release|Any CPU.ActiveCfg = Release|Any CPU
		{49D94745-2EC4-4FAD-9A0A-2951596932ED}.Release|Any CPU.Build.0 = Release|Any CPU
		{49D94745-2EC4-4FAD-9A0A-2951596932ED}.Release|ARM.ActiveCfg = Release|Any CPU
		{49D94745-2EC4-4FAD-9A0A-2951596932ED}.Release|ARM.Build.0 = Release|Any CPU
		{49D94745-2EC4-4FAD-9A0A-2951596932ED}.Release|ARM64.ActiveCfg = Release|Any CPU
		{49D94745-2EC4-4FAD-9A0A-2951596932ED}.Release|ARM64.Build.0 = Release|Any CPU
		{49D94745-2EC4-4FAD-9A0A-2951596932ED}.Release|x64.ActiveCfg = Release|Any CPU
		{49D94745-2EC4-4FAD-9A0A-2951596932ED}.Release|x64.Build.0 = Release|Any CPU
		{49D94745-2EC4-4FAD-9A0A-2951596932ED}.Release|x86.ActiveCfg = Release|Any CPU
		{49D94745-2EC4-4FAD-9A0A-2951596932ED}.Release|x86.Build.0 = Release|Any CPU
		{67612DBC-8F59-4A96-AE29-3CA617403E21}.Debug|Any CPU.ActiveCfg = Debug|Any CPU
		{67612DBC-8F59-4A96-AE29-3CA617403E21}.Debug|Any CPU.Build.0 = Debug|Any CPU
		{67612DBC-8F59-4A96-AE29-3CA617403E21}.Debug|ARM.ActiveCfg = Debug|Any CPU
		{67612DBC-8F59-4A96-AE29-3CA617403E21}.Debug|ARM.Build.0 = Debug|Any CPU
		{67612DBC-8F59-4A96-AE29-3CA617403E21}.Debug|ARM64.ActiveCfg = Debug|Any CPU
		{67612DBC-8F59-4A96-AE29-3CA617403E21}.Debug|ARM64.Build.0 = Debug|Any CPU
		{67612DBC-8F59-4A96-AE29-3CA617403E21}.Debug|x64.ActiveCfg = Debug|Any CPU
		{67612DBC-8F59-4A96-AE29-3CA617403E21}.Debug|x64.Build.0 = Debug|Any CPU
		{67612DBC-8F59-4A96-AE29-3CA617403E21}.Debug|x86.ActiveCfg = Debug|Any CPU
		{67612DBC-8F59-4A96-AE29-3CA617403E21}.Debug|x86.Build.0 = Debug|Any CPU
		{67612DBC-8F59-4A96-AE29-3CA617403E21}.Release|Any CPU.ActiveCfg = Release|Any CPU
		{67612DBC-8F59-4A96-AE29-3CA617403E21}.Release|Any CPU.Build.0 = Release|Any CPU
		{67612DBC-8F59-4A96-AE29-3CA617403E21}.Release|ARM.ActiveCfg = Release|Any CPU
		{67612DBC-8F59-4A96-AE29-3CA617403E21}.Release|ARM.Build.0 = Release|Any CPU
		{67612DBC-8F59-4A96-AE29-3CA617403E21}.Release|ARM64.ActiveCfg = Release|Any CPU
		{67612DBC-8F59-4A96-AE29-3CA617403E21}.Release|ARM64.Build.0 = Release|Any CPU
		{67612DBC-8F59-4A96-AE29-3CA617403E21}.Release|x64.ActiveCfg = Release|Any CPU
		{67612DBC-8F59-4A96-AE29-3CA617403E21}.Release|x64.Build.0 = Release|Any CPU
		{67612DBC-8F59-4A96-AE29-3CA617403E21}.Release|x86.ActiveCfg = Release|Any CPU
		{67612DBC-8F59-4A96-AE29-3CA617403E21}.Release|x86.Build.0 = Release|Any CPU
		{DE007DE1-1DFA-46B4-9462-2EF3C1D6C0D0}.Debug|Any CPU.ActiveCfg = Debug|Any CPU
		{DE007DE1-1DFA-46B4-9462-2EF3C1D6C0D0}.Debug|Any CPU.Build.0 = Debug|Any CPU
		{DE007DE1-1DFA-46B4-9462-2EF3C1D6C0D0}.Debug|ARM.ActiveCfg = Debug|Any CPU
		{DE007DE1-1DFA-46B4-9462-2EF3C1D6C0D0}.Debug|ARM.Build.0 = Debug|Any CPU
		{DE007DE1-1DFA-46B4-9462-2EF3C1D6C0D0}.Debug|ARM64.ActiveCfg = Debug|Any CPU
		{DE007DE1-1DFA-46B4-9462-2EF3C1D6C0D0}.Debug|ARM64.Build.0 = Debug|Any CPU
		{DE007DE1-1DFA-46B4-9462-2EF3C1D6C0D0}.Debug|x64.ActiveCfg = Debug|Any CPU
		{DE007DE1-1DFA-46B4-9462-2EF3C1D6C0D0}.Debug|x64.Build.0 = Debug|Any CPU
		{DE007DE1-1DFA-46B4-9462-2EF3C1D6C0D0}.Debug|x86.ActiveCfg = Debug|Any CPU
		{DE007DE1-1DFA-46B4-9462-2EF3C1D6C0D0}.Debug|x86.Build.0 = Debug|Any CPU
		{DE007DE1-1DFA-46B4-9462-2EF3C1D6C0D0}.Release|Any CPU.ActiveCfg = Release|Any CPU
		{DE007DE1-1DFA-46B4-9462-2EF3C1D6C0D0}.Release|Any CPU.Build.0 = Release|Any CPU
		{DE007DE1-1DFA-46B4-9462-2EF3C1D6C0D0}.Release|ARM.ActiveCfg = Release|Any CPU
		{DE007DE1-1DFA-46B4-9462-2EF3C1D6C0D0}.Release|ARM.Build.0 = Release|Any CPU
		{DE007DE1-1DFA-46B4-9462-2EF3C1D6C0D0}.Release|ARM64.ActiveCfg = Release|Any CPU
		{DE007DE1-1DFA-46B4-9462-2EF3C1D6C0D0}.Release|ARM64.Build.0 = Release|Any CPU
		{DE007DE1-1DFA-46B4-9462-2EF3C1D6C0D0}.Release|x64.ActiveCfg = Release|Any CPU
		{DE007DE1-1DFA-46B4-9462-2EF3C1D6C0D0}.Release|x64.Build.0 = Release|Any CPU
		{DE007DE1-1DFA-46B4-9462-2EF3C1D6C0D0}.Release|x86.ActiveCfg = Release|Any CPU
		{DE007DE1-1DFA-46B4-9462-2EF3C1D6C0D0}.Release|x86.Build.0 = Release|Any CPU
		{1EAF9F68-F4E1-4E30-B1D8-7D50805419AE}.Debug|Any CPU.ActiveCfg = Debug|Any CPU
		{1EAF9F68-F4E1-4E30-B1D8-7D50805419AE}.Debug|Any CPU.Build.0 = Debug|Any CPU
		{1EAF9F68-F4E1-4E30-B1D8-7D50805419AE}.Debug|ARM.ActiveCfg = Debug|Any CPU
		{1EAF9F68-F4E1-4E30-B1D8-7D50805419AE}.Debug|ARM.Build.0 = Debug|Any CPU
		{1EAF9F68-F4E1-4E30-B1D8-7D50805419AE}.Debug|ARM64.ActiveCfg = Debug|Any CPU
		{1EAF9F68-F4E1-4E30-B1D8-7D50805419AE}.Debug|ARM64.Build.0 = Debug|Any CPU
		{1EAF9F68-F4E1-4E30-B1D8-7D50805419AE}.Debug|x64.ActiveCfg = Debug|Any CPU
		{1EAF9F68-F4E1-4E30-B1D8-7D50805419AE}.Debug|x64.Build.0 = Debug|Any CPU
		{1EAF9F68-F4E1-4E30-B1D8-7D50805419AE}.Debug|x86.ActiveCfg = Debug|Any CPU
		{1EAF9F68-F4E1-4E30-B1D8-7D50805419AE}.Debug|x86.Build.0 = Debug|Any CPU
		{1EAF9F68-F4E1-4E30-B1D8-7D50805419AE}.Release|Any CPU.ActiveCfg = Release|Any CPU
		{1EAF9F68-F4E1-4E30-B1D8-7D50805419AE}.Release|Any CPU.Build.0 = Release|Any CPU
		{1EAF9F68-F4E1-4E30-B1D8-7D50805419AE}.Release|ARM.ActiveCfg = Release|Any CPU
		{1EAF9F68-F4E1-4E30-B1D8-7D50805419AE}.Release|ARM.Build.0 = Release|Any CPU
		{1EAF9F68-F4E1-4E30-B1D8-7D50805419AE}.Release|ARM64.ActiveCfg = Release|Any CPU
		{1EAF9F68-F4E1-4E30-B1D8-7D50805419AE}.Release|ARM64.Build.0 = Release|Any CPU
		{1EAF9F68-F4E1-4E30-B1D8-7D50805419AE}.Release|x64.ActiveCfg = Release|Any CPU
		{1EAF9F68-F4E1-4E30-B1D8-7D50805419AE}.Release|x64.Build.0 = Release|Any CPU
		{1EAF9F68-F4E1-4E30-B1D8-7D50805419AE}.Release|x86.ActiveCfg = Release|Any CPU
		{1EAF9F68-F4E1-4E30-B1D8-7D50805419AE}.Release|x86.Build.0 = Release|Any CPU
		{F8DB3CB5-2619-4CDF-AE13-DC1BA02FE99A}.Debug|Any CPU.ActiveCfg = Debug|Any CPU
		{F8DB3CB5-2619-4CDF-AE13-DC1BA02FE99A}.Debug|Any CPU.Build.0 = Debug|Any CPU
		{F8DB3CB5-2619-4CDF-AE13-DC1BA02FE99A}.Debug|ARM.ActiveCfg = Debug|Any CPU
		{F8DB3CB5-2619-4CDF-AE13-DC1BA02FE99A}.Debug|ARM.Build.0 = Debug|Any CPU
		{F8DB3CB5-2619-4CDF-AE13-DC1BA02FE99A}.Debug|ARM64.ActiveCfg = Debug|Any CPU
		{F8DB3CB5-2619-4CDF-AE13-DC1BA02FE99A}.Debug|ARM64.Build.0 = Debug|Any CPU
		{F8DB3CB5-2619-4CDF-AE13-DC1BA02FE99A}.Debug|x64.ActiveCfg = Debug|Any CPU
		{F8DB3CB5-2619-4CDF-AE13-DC1BA02FE99A}.Debug|x64.Build.0 = Debug|Any CPU
		{F8DB3CB5-2619-4CDF-AE13-DC1BA02FE99A}.Debug|x86.ActiveCfg = Debug|Any CPU
		{F8DB3CB5-2619-4CDF-AE13-DC1BA02FE99A}.Debug|x86.Build.0 = Debug|Any CPU
		{F8DB3CB5-2619-4CDF-AE13-DC1BA02FE99A}.Release|Any CPU.ActiveCfg = Release|Any CPU
		{F8DB3CB5-2619-4CDF-AE13-DC1BA02FE99A}.Release|Any CPU.Build.0 = Release|Any CPU
		{F8DB3CB5-2619-4CDF-AE13-DC1BA02FE99A}.Release|ARM.ActiveCfg = Release|Any CPU
		{F8DB3CB5-2619-4CDF-AE13-DC1BA02FE99A}.Release|ARM.Build.0 = Release|Any CPU
		{F8DB3CB5-2619-4CDF-AE13-DC1BA02FE99A}.Release|ARM64.ActiveCfg = Release|Any CPU
		{F8DB3CB5-2619-4CDF-AE13-DC1BA02FE99A}.Release|ARM64.Build.0 = Release|Any CPU
		{F8DB3CB5-2619-4CDF-AE13-DC1BA02FE99A}.Release|x64.ActiveCfg = Release|Any CPU
		{F8DB3CB5-2619-4CDF-AE13-DC1BA02FE99A}.Release|x64.Build.0 = Release|Any CPU
		{F8DB3CB5-2619-4CDF-AE13-DC1BA02FE99A}.Release|x86.ActiveCfg = Release|Any CPU
		{F8DB3CB5-2619-4CDF-AE13-DC1BA02FE99A}.Release|x86.Build.0 = Release|Any CPU
		{6576E172-EA56-43DA-96B9-87F3F3AFE9E7}.Debug|Any CPU.ActiveCfg = Debug|Any CPU
		{6576E172-EA56-43DA-96B9-87F3F3AFE9E7}.Debug|Any CPU.Build.0 = Debug|Any CPU
		{6576E172-EA56-43DA-96B9-87F3F3AFE9E7}.Debug|ARM.ActiveCfg = Debug|Any CPU
		{6576E172-EA56-43DA-96B9-87F3F3AFE9E7}.Debug|ARM.Build.0 = Debug|Any CPU
		{6576E172-EA56-43DA-96B9-87F3F3AFE9E7}.Debug|ARM64.ActiveCfg = Debug|Any CPU
		{6576E172-EA56-43DA-96B9-87F3F3AFE9E7}.Debug|ARM64.Build.0 = Debug|Any CPU
		{6576E172-EA56-43DA-96B9-87F3F3AFE9E7}.Debug|x64.ActiveCfg = Debug|Any CPU
		{6576E172-EA56-43DA-96B9-87F3F3AFE9E7}.Debug|x64.Build.0 = Debug|Any CPU
		{6576E172-EA56-43DA-96B9-87F3F3AFE9E7}.Debug|x86.ActiveCfg = Debug|Any CPU
		{6576E172-EA56-43DA-96B9-87F3F3AFE9E7}.Debug|x86.Build.0 = Debug|Any CPU
		{6576E172-EA56-43DA-96B9-87F3F3AFE9E7}.Release|Any CPU.ActiveCfg = Release|Any CPU
		{6576E172-EA56-43DA-96B9-87F3F3AFE9E7}.Release|Any CPU.Build.0 = Release|Any CPU
		{6576E172-EA56-43DA-96B9-87F3F3AFE9E7}.Release|ARM.ActiveCfg = Release|Any CPU
		{6576E172-EA56-43DA-96B9-87F3F3AFE9E7}.Release|ARM.Build.0 = Release|Any CPU
		{6576E172-EA56-43DA-96B9-87F3F3AFE9E7}.Release|ARM64.ActiveCfg = Release|Any CPU
		{6576E172-EA56-43DA-96B9-87F3F3AFE9E7}.Release|ARM64.Build.0 = Release|Any CPU
		{6576E172-EA56-43DA-96B9-87F3F3AFE9E7}.Release|x64.ActiveCfg = Release|Any CPU
		{6576E172-EA56-43DA-96B9-87F3F3AFE9E7}.Release|x64.Build.0 = Release|Any CPU
		{6576E172-EA56-43DA-96B9-87F3F3AFE9E7}.Release|x86.ActiveCfg = Release|Any CPU
		{6576E172-EA56-43DA-96B9-87F3F3AFE9E7}.Release|x86.Build.0 = Release|Any CPU
		{D44C2394-E30D-4406-98DD-76914FE6908A}.Debug|Any CPU.ActiveCfg = Debug|Any CPU
		{D44C2394-E30D-4406-98DD-76914FE6908A}.Debug|Any CPU.Build.0 = Debug|Any CPU
		{D44C2394-E30D-4406-98DD-76914FE6908A}.Debug|ARM.ActiveCfg = Debug|Any CPU
		{D44C2394-E30D-4406-98DD-76914FE6908A}.Debug|ARM.Build.0 = Debug|Any CPU
		{D44C2394-E30D-4406-98DD-76914FE6908A}.Debug|ARM64.ActiveCfg = Debug|Any CPU
		{D44C2394-E30D-4406-98DD-76914FE6908A}.Debug|ARM64.Build.0 = Debug|Any CPU
		{D44C2394-E30D-4406-98DD-76914FE6908A}.Debug|x64.ActiveCfg = Debug|Any CPU
		{D44C2394-E30D-4406-98DD-76914FE6908A}.Debug|x64.Build.0 = Debug|Any CPU
		{D44C2394-E30D-4406-98DD-76914FE6908A}.Debug|x86.ActiveCfg = Debug|Any CPU
		{D44C2394-E30D-4406-98DD-76914FE6908A}.Debug|x86.Build.0 = Debug|Any CPU
		{D44C2394-E30D-4406-98DD-76914FE6908A}.Release|Any CPU.ActiveCfg = Release|Any CPU
		{D44C2394-E30D-4406-98DD-76914FE6908A}.Release|Any CPU.Build.0 = Release|Any CPU
		{D44C2394-E30D-4406-98DD-76914FE6908A}.Release|ARM.ActiveCfg = Release|Any CPU
		{D44C2394-E30D-4406-98DD-76914FE6908A}.Release|ARM.Build.0 = Release|Any CPU
		{D44C2394-E30D-4406-98DD-76914FE6908A}.Release|ARM64.ActiveCfg = Release|Any CPU
		{D44C2394-E30D-4406-98DD-76914FE6908A}.Release|ARM64.Build.0 = Release|Any CPU
		{D44C2394-E30D-4406-98DD-76914FE6908A}.Release|x64.ActiveCfg = Release|Any CPU
		{D44C2394-E30D-4406-98DD-76914FE6908A}.Release|x64.Build.0 = Release|Any CPU
		{D44C2394-E30D-4406-98DD-76914FE6908A}.Release|x86.ActiveCfg = Release|Any CPU
		{D44C2394-E30D-4406-98DD-76914FE6908A}.Release|x86.Build.0 = Release|Any CPU
		{AC5CFDBD-AB35-41E9-98BE-C9FEA4B338E1}.Debug|Any CPU.ActiveCfg = Debug|Any CPU
		{AC5CFDBD-AB35-41E9-98BE-C9FEA4B338E1}.Debug|Any CPU.Build.0 = Debug|Any CPU
		{AC5CFDBD-AB35-41E9-98BE-C9FEA4B338E1}.Debug|ARM.ActiveCfg = Debug|Any CPU
		{AC5CFDBD-AB35-41E9-98BE-C9FEA4B338E1}.Debug|ARM.Build.0 = Debug|Any CPU
		{AC5CFDBD-AB35-41E9-98BE-C9FEA4B338E1}.Debug|ARM64.ActiveCfg = Debug|Any CPU
		{AC5CFDBD-AB35-41E9-98BE-C9FEA4B338E1}.Debug|ARM64.Build.0 = Debug|Any CPU
		{AC5CFDBD-AB35-41E9-98BE-C9FEA4B338E1}.Debug|x64.ActiveCfg = Debug|Any CPU
		{AC5CFDBD-AB35-41E9-98BE-C9FEA4B338E1}.Debug|x64.Build.0 = Debug|Any CPU
		{AC5CFDBD-AB35-41E9-98BE-C9FEA4B338E1}.Debug|x86.ActiveCfg = Debug|Any CPU
		{AC5CFDBD-AB35-41E9-98BE-C9FEA4B338E1}.Debug|x86.Build.0 = Debug|Any CPU
		{AC5CFDBD-AB35-41E9-98BE-C9FEA4B338E1}.Release|Any CPU.ActiveCfg = Release|Any CPU
		{AC5CFDBD-AB35-41E9-98BE-C9FEA4B338E1}.Release|Any CPU.Build.0 = Release|Any CPU
		{AC5CFDBD-AB35-41E9-98BE-C9FEA4B338E1}.Release|ARM.ActiveCfg = Release|Any CPU
		{AC5CFDBD-AB35-41E9-98BE-C9FEA4B338E1}.Release|ARM.Build.0 = Release|Any CPU
		{AC5CFDBD-AB35-41E9-98BE-C9FEA4B338E1}.Release|ARM64.ActiveCfg = Release|Any CPU
		{AC5CFDBD-AB35-41E9-98BE-C9FEA4B338E1}.Release|ARM64.Build.0 = Release|Any CPU
		{AC5CFDBD-AB35-41E9-98BE-C9FEA4B338E1}.Release|x64.ActiveCfg = Release|Any CPU
		{AC5CFDBD-AB35-41E9-98BE-C9FEA4B338E1}.Release|x64.Build.0 = Release|Any CPU
		{AC5CFDBD-AB35-41E9-98BE-C9FEA4B338E1}.Release|x86.ActiveCfg = Release|Any CPU
		{AC5CFDBD-AB35-41E9-98BE-C9FEA4B338E1}.Release|x86.Build.0 = Release|Any CPU
		{96B17EAF-FEED-413E-83EC-C1D4956ABAB2}.Debug|Any CPU.ActiveCfg = Debug|Any CPU
		{96B17EAF-FEED-413E-83EC-C1D4956ABAB2}.Debug|Any CPU.Build.0 = Debug|Any CPU
		{96B17EAF-FEED-413E-83EC-C1D4956ABAB2}.Debug|ARM.ActiveCfg = Debug|Any CPU
		{96B17EAF-FEED-413E-83EC-C1D4956ABAB2}.Debug|ARM.Build.0 = Debug|Any CPU
		{96B17EAF-FEED-413E-83EC-C1D4956ABAB2}.Debug|ARM64.ActiveCfg = Debug|Any CPU
		{96B17EAF-FEED-413E-83EC-C1D4956ABAB2}.Debug|ARM64.Build.0 = Debug|Any CPU
		{96B17EAF-FEED-413E-83EC-C1D4956ABAB2}.Debug|x64.ActiveCfg = Debug|Any CPU
		{96B17EAF-FEED-413E-83EC-C1D4956ABAB2}.Debug|x64.Build.0 = Debug|Any CPU
		{96B17EAF-FEED-413E-83EC-C1D4956ABAB2}.Debug|x86.ActiveCfg = Debug|Any CPU
		{96B17EAF-FEED-413E-83EC-C1D4956ABAB2}.Debug|x86.Build.0 = Debug|Any CPU
		{96B17EAF-FEED-413E-83EC-C1D4956ABAB2}.Release|Any CPU.ActiveCfg = Release|Any CPU
		{96B17EAF-FEED-413E-83EC-C1D4956ABAB2}.Release|Any CPU.Build.0 = Release|Any CPU
		{96B17EAF-FEED-413E-83EC-C1D4956ABAB2}.Release|ARM.ActiveCfg = Release|Any CPU
		{96B17EAF-FEED-413E-83EC-C1D4956ABAB2}.Release|ARM.Build.0 = Release|Any CPU
		{96B17EAF-FEED-413E-83EC-C1D4956ABAB2}.Release|ARM64.ActiveCfg = Release|Any CPU
		{96B17EAF-FEED-413E-83EC-C1D4956ABAB2}.Release|ARM64.Build.0 = Release|Any CPU
		{96B17EAF-FEED-413E-83EC-C1D4956ABAB2}.Release|x64.ActiveCfg = Release|Any CPU
		{96B17EAF-FEED-413E-83EC-C1D4956ABAB2}.Release|x64.Build.0 = Release|Any CPU
		{96B17EAF-FEED-413E-83EC-C1D4956ABAB2}.Release|x86.ActiveCfg = Release|Any CPU
		{96B17EAF-FEED-413E-83EC-C1D4956ABAB2}.Release|x86.Build.0 = Release|Any CPU
		{F12E15BC-7CAF-407B-9DEB-0659E6F08CA3}.Debug|Any CPU.ActiveCfg = Debug|Any CPU
		{F12E15BC-7CAF-407B-9DEB-0659E6F08CA3}.Debug|Any CPU.Build.0 = Debug|Any CPU
		{F12E15BC-7CAF-407B-9DEB-0659E6F08CA3}.Debug|ARM.ActiveCfg = Debug|Any CPU
		{F12E15BC-7CAF-407B-9DEB-0659E6F08CA3}.Debug|ARM.Build.0 = Debug|Any CPU
		{F12E15BC-7CAF-407B-9DEB-0659E6F08CA3}.Debug|ARM64.ActiveCfg = Debug|Any CPU
		{F12E15BC-7CAF-407B-9DEB-0659E6F08CA3}.Debug|ARM64.Build.0 = Debug|Any CPU
		{F12E15BC-7CAF-407B-9DEB-0659E6F08CA3}.Debug|x64.ActiveCfg = Debug|Any CPU
		{F12E15BC-7CAF-407B-9DEB-0659E6F08CA3}.Debug|x64.Build.0 = Debug|Any CPU
		{F12E15BC-7CAF-407B-9DEB-0659E6F08CA3}.Debug|x86.ActiveCfg = Debug|Any CPU
		{F12E15BC-7CAF-407B-9DEB-0659E6F08CA3}.Debug|x86.Build.0 = Debug|Any CPU
		{F12E15BC-7CAF-407B-9DEB-0659E6F08CA3}.Release|Any CPU.ActiveCfg = Release|Any CPU
		{F12E15BC-7CAF-407B-9DEB-0659E6F08CA3}.Release|Any CPU.Build.0 = Release|Any CPU
		{F12E15BC-7CAF-407B-9DEB-0659E6F08CA3}.Release|ARM.ActiveCfg = Release|Any CPU
		{F12E15BC-7CAF-407B-9DEB-0659E6F08CA3}.Release|ARM.Build.0 = Release|Any CPU
		{F12E15BC-7CAF-407B-9DEB-0659E6F08CA3}.Release|ARM64.ActiveCfg = Release|Any CPU
		{F12E15BC-7CAF-407B-9DEB-0659E6F08CA3}.Release|ARM64.Build.0 = Release|Any CPU
		{F12E15BC-7CAF-407B-9DEB-0659E6F08CA3}.Release|x64.ActiveCfg = Release|Any CPU
		{F12E15BC-7CAF-407B-9DEB-0659E6F08CA3}.Release|x64.Build.0 = Release|Any CPU
		{F12E15BC-7CAF-407B-9DEB-0659E6F08CA3}.Release|x86.ActiveCfg = Release|Any CPU
		{F12E15BC-7CAF-407B-9DEB-0659E6F08CA3}.Release|x86.Build.0 = Release|Any CPU
		{03A342BA-8442-482F-BDE0-D6961C2C4F73}.Debug|Any CPU.ActiveCfg = Debug|Any CPU
		{03A342BA-8442-482F-BDE0-D6961C2C4F73}.Debug|Any CPU.Build.0 = Debug|Any CPU
		{03A342BA-8442-482F-BDE0-D6961C2C4F73}.Debug|ARM.ActiveCfg = Debug|Any CPU
		{03A342BA-8442-482F-BDE0-D6961C2C4F73}.Debug|ARM.Build.0 = Debug|Any CPU
		{03A342BA-8442-482F-BDE0-D6961C2C4F73}.Debug|ARM64.ActiveCfg = Debug|Any CPU
		{03A342BA-8442-482F-BDE0-D6961C2C4F73}.Debug|ARM64.Build.0 = Debug|Any CPU
		{03A342BA-8442-482F-BDE0-D6961C2C4F73}.Debug|x64.ActiveCfg = Debug|Any CPU
		{03A342BA-8442-482F-BDE0-D6961C2C4F73}.Debug|x64.Build.0 = Debug|Any CPU
		{03A342BA-8442-482F-BDE0-D6961C2C4F73}.Debug|x86.ActiveCfg = Debug|Any CPU
		{03A342BA-8442-482F-BDE0-D6961C2C4F73}.Debug|x86.Build.0 = Debug|Any CPU
		{03A342BA-8442-482F-BDE0-D6961C2C4F73}.Release|Any CPU.ActiveCfg = Release|Any CPU
		{03A342BA-8442-482F-BDE0-D6961C2C4F73}.Release|Any CPU.Build.0 = Release|Any CPU
		{03A342BA-8442-482F-BDE0-D6961C2C4F73}.Release|ARM.ActiveCfg = Release|Any CPU
		{03A342BA-8442-482F-BDE0-D6961C2C4F73}.Release|ARM.Build.0 = Release|Any CPU
		{03A342BA-8442-482F-BDE0-D6961C2C4F73}.Release|ARM64.ActiveCfg = Release|Any CPU
		{03A342BA-8442-482F-BDE0-D6961C2C4F73}.Release|ARM64.Build.0 = Release|Any CPU
		{03A342BA-8442-482F-BDE0-D6961C2C4F73}.Release|x64.ActiveCfg = Release|Any CPU
		{03A342BA-8442-482F-BDE0-D6961C2C4F73}.Release|x64.Build.0 = Release|Any CPU
		{03A342BA-8442-482F-BDE0-D6961C2C4F73}.Release|x86.ActiveCfg = Release|Any CPU
		{03A342BA-8442-482F-BDE0-D6961C2C4F73}.Release|x86.Build.0 = Release|Any CPU
		{EBE44D3B-EA6D-4267-8197-6F63225E9300}.Debug|Any CPU.ActiveCfg = Debug|Any CPU
		{EBE44D3B-EA6D-4267-8197-6F63225E9300}.Debug|Any CPU.Build.0 = Debug|Any CPU
		{EBE44D3B-EA6D-4267-8197-6F63225E9300}.Debug|ARM.ActiveCfg = Debug|Any CPU
		{EBE44D3B-EA6D-4267-8197-6F63225E9300}.Debug|ARM.Build.0 = Debug|Any CPU
		{EBE44D3B-EA6D-4267-8197-6F63225E9300}.Debug|ARM64.ActiveCfg = Debug|Any CPU
		{EBE44D3B-EA6D-4267-8197-6F63225E9300}.Debug|ARM64.Build.0 = Debug|Any CPU
		{EBE44D3B-EA6D-4267-8197-6F63225E9300}.Debug|x64.ActiveCfg = Debug|Any CPU
		{EBE44D3B-EA6D-4267-8197-6F63225E9300}.Debug|x64.Build.0 = Debug|Any CPU
		{EBE44D3B-EA6D-4267-8197-6F63225E9300}.Debug|x86.ActiveCfg = Debug|Any CPU
		{EBE44D3B-EA6D-4267-8197-6F63225E9300}.Debug|x86.Build.0 = Debug|Any CPU
		{EBE44D3B-EA6D-4267-8197-6F63225E9300}.Release|Any CPU.ActiveCfg = Release|Any CPU
		{EBE44D3B-EA6D-4267-8197-6F63225E9300}.Release|Any CPU.Build.0 = Release|Any CPU
		{EBE44D3B-EA6D-4267-8197-6F63225E9300}.Release|ARM.ActiveCfg = Release|Any CPU
		{EBE44D3B-EA6D-4267-8197-6F63225E9300}.Release|ARM.Build.0 = Release|Any CPU
		{EBE44D3B-EA6D-4267-8197-6F63225E9300}.Release|ARM64.ActiveCfg = Release|Any CPU
		{EBE44D3B-EA6D-4267-8197-6F63225E9300}.Release|ARM64.Build.0 = Release|Any CPU
		{EBE44D3B-EA6D-4267-8197-6F63225E9300}.Release|x64.ActiveCfg = Release|Any CPU
		{EBE44D3B-EA6D-4267-8197-6F63225E9300}.Release|x64.Build.0 = Release|Any CPU
		{EBE44D3B-EA6D-4267-8197-6F63225E9300}.Release|x86.ActiveCfg = Release|Any CPU
		{EBE44D3B-EA6D-4267-8197-6F63225E9300}.Release|x86.Build.0 = Release|Any CPU
		{DEE73A3A-6A31-4BD6-ACFA-B11528F9CD1D}.Debug|Any CPU.ActiveCfg = Debug|Any CPU
		{DEE73A3A-6A31-4BD6-ACFA-B11528F9CD1D}.Debug|Any CPU.Build.0 = Debug|Any CPU
		{DEE73A3A-6A31-4BD6-ACFA-B11528F9CD1D}.Debug|ARM.ActiveCfg = Debug|Any CPU
		{DEE73A3A-6A31-4BD6-ACFA-B11528F9CD1D}.Debug|ARM.Build.0 = Debug|Any CPU
		{DEE73A3A-6A31-4BD6-ACFA-B11528F9CD1D}.Debug|ARM64.ActiveCfg = Debug|Any CPU
		{DEE73A3A-6A31-4BD6-ACFA-B11528F9CD1D}.Debug|ARM64.Build.0 = Debug|Any CPU
		{DEE73A3A-6A31-4BD6-ACFA-B11528F9CD1D}.Debug|x64.ActiveCfg = Debug|Any CPU
		{DEE73A3A-6A31-4BD6-ACFA-B11528F9CD1D}.Debug|x64.Build.0 = Debug|Any CPU
		{DEE73A3A-6A31-4BD6-ACFA-B11528F9CD1D}.Debug|x86.ActiveCfg = Debug|Any CPU
		{DEE73A3A-6A31-4BD6-ACFA-B11528F9CD1D}.Debug|x86.Build.0 = Debug|Any CPU
		{DEE73A3A-6A31-4BD6-ACFA-B11528F9CD1D}.Release|Any CPU.ActiveCfg = Release|Any CPU
		{DEE73A3A-6A31-4BD6-ACFA-B11528F9CD1D}.Release|Any CPU.Build.0 = Release|Any CPU
		{DEE73A3A-6A31-4BD6-ACFA-B11528F9CD1D}.Release|ARM.ActiveCfg = Release|Any CPU
		{DEE73A3A-6A31-4BD6-ACFA-B11528F9CD1D}.Release|ARM.Build.0 = Release|Any CPU
		{DEE73A3A-6A31-4BD6-ACFA-B11528F9CD1D}.Release|ARM64.ActiveCfg = Release|Any CPU
		{DEE73A3A-6A31-4BD6-ACFA-B11528F9CD1D}.Release|ARM64.Build.0 = Release|Any CPU
		{DEE73A3A-6A31-4BD6-ACFA-B11528F9CD1D}.Release|x64.ActiveCfg = Release|Any CPU
		{DEE73A3A-6A31-4BD6-ACFA-B11528F9CD1D}.Release|x64.Build.0 = Release|Any CPU
		{DEE73A3A-6A31-4BD6-ACFA-B11528F9CD1D}.Release|x86.ActiveCfg = Release|Any CPU
		{DEE73A3A-6A31-4BD6-ACFA-B11528F9CD1D}.Release|x86.Build.0 = Release|Any CPU
		{D7731D9C-AF73-468C-A51A-8CDE13D7901B}.Debug|Any CPU.ActiveCfg = Debug|Any CPU
		{D7731D9C-AF73-468C-A51A-8CDE13D7901B}.Debug|Any CPU.Build.0 = Debug|Any CPU
		{D7731D9C-AF73-468C-A51A-8CDE13D7901B}.Debug|ARM.ActiveCfg = Debug|Any CPU
		{D7731D9C-AF73-468C-A51A-8CDE13D7901B}.Debug|ARM.Build.0 = Debug|Any CPU
		{D7731D9C-AF73-468C-A51A-8CDE13D7901B}.Debug|ARM64.ActiveCfg = Debug|Any CPU
		{D7731D9C-AF73-468C-A51A-8CDE13D7901B}.Debug|ARM64.Build.0 = Debug|Any CPU
		{D7731D9C-AF73-468C-A51A-8CDE13D7901B}.Debug|x64.ActiveCfg = Debug|Any CPU
		{D7731D9C-AF73-468C-A51A-8CDE13D7901B}.Debug|x64.Build.0 = Debug|Any CPU
		{D7731D9C-AF73-468C-A51A-8CDE13D7901B}.Debug|x86.ActiveCfg = Debug|Any CPU
		{D7731D9C-AF73-468C-A51A-8CDE13D7901B}.Debug|x86.Build.0 = Debug|Any CPU
		{D7731D9C-AF73-468C-A51A-8CDE13D7901B}.Release|Any CPU.ActiveCfg = Release|Any CPU
		{D7731D9C-AF73-468C-A51A-8CDE13D7901B}.Release|Any CPU.Build.0 = Release|Any CPU
		{D7731D9C-AF73-468C-A51A-8CDE13D7901B}.Release|ARM.ActiveCfg = Release|Any CPU
		{D7731D9C-AF73-468C-A51A-8CDE13D7901B}.Release|ARM.Build.0 = Release|Any CPU
		{D7731D9C-AF73-468C-A51A-8CDE13D7901B}.Release|ARM64.ActiveCfg = Release|Any CPU
		{D7731D9C-AF73-468C-A51A-8CDE13D7901B}.Release|ARM64.Build.0 = Release|Any CPU
		{D7731D9C-AF73-468C-A51A-8CDE13D7901B}.Release|x64.ActiveCfg = Release|Any CPU
		{D7731D9C-AF73-468C-A51A-8CDE13D7901B}.Release|x64.Build.0 = Release|Any CPU
		{D7731D9C-AF73-468C-A51A-8CDE13D7901B}.Release|x86.ActiveCfg = Release|Any CPU
		{D7731D9C-AF73-468C-A51A-8CDE13D7901B}.Release|x86.Build.0 = Release|Any CPU
		{750376BA-2F9E-4D25-B49D-AFFF41355BA1}.Debug|Any CPU.ActiveCfg = Debug|Any CPU
		{750376BA-2F9E-4D25-B49D-AFFF41355BA1}.Debug|Any CPU.Build.0 = Debug|Any CPU
		{750376BA-2F9E-4D25-B49D-AFFF41355BA1}.Debug|ARM.ActiveCfg = Debug|Any CPU
		{750376BA-2F9E-4D25-B49D-AFFF41355BA1}.Debug|ARM.Build.0 = Debug|Any CPU
		{750376BA-2F9E-4D25-B49D-AFFF41355BA1}.Debug|ARM64.ActiveCfg = Debug|Any CPU
		{750376BA-2F9E-4D25-B49D-AFFF41355BA1}.Debug|ARM64.Build.0 = Debug|Any CPU
		{750376BA-2F9E-4D25-B49D-AFFF41355BA1}.Debug|x64.ActiveCfg = Debug|Any CPU
		{750376BA-2F9E-4D25-B49D-AFFF41355BA1}.Debug|x64.Build.0 = Debug|Any CPU
		{750376BA-2F9E-4D25-B49D-AFFF41355BA1}.Debug|x86.ActiveCfg = Debug|Any CPU
		{750376BA-2F9E-4D25-B49D-AFFF41355BA1}.Debug|x86.Build.0 = Debug|Any CPU
		{750376BA-2F9E-4D25-B49D-AFFF41355BA1}.Release|Any CPU.ActiveCfg = Release|Any CPU
		{750376BA-2F9E-4D25-B49D-AFFF41355BA1}.Release|Any CPU.Build.0 = Release|Any CPU
		{750376BA-2F9E-4D25-B49D-AFFF41355BA1}.Release|ARM.ActiveCfg = Release|Any CPU
		{750376BA-2F9E-4D25-B49D-AFFF41355BA1}.Release|ARM.Build.0 = Release|Any CPU
		{750376BA-2F9E-4D25-B49D-AFFF41355BA1}.Release|ARM64.ActiveCfg = Release|Any CPU
		{750376BA-2F9E-4D25-B49D-AFFF41355BA1}.Release|ARM64.Build.0 = Release|Any CPU
		{750376BA-2F9E-4D25-B49D-AFFF41355BA1}.Release|x64.ActiveCfg = Release|Any CPU
		{750376BA-2F9E-4D25-B49D-AFFF41355BA1}.Release|x64.Build.0 = Release|Any CPU
		{750376BA-2F9E-4D25-B49D-AFFF41355BA1}.Release|x86.ActiveCfg = Release|Any CPU
		{750376BA-2F9E-4D25-B49D-AFFF41355BA1}.Release|x86.Build.0 = Release|Any CPU
		{C5F9F61D-5E87-4DA8-ACC0-141A4CB6BADD}.Debug|Any CPU.ActiveCfg = Debug|Any CPU
		{C5F9F61D-5E87-4DA8-ACC0-141A4CB6BADD}.Debug|Any CPU.Build.0 = Debug|Any CPU
		{C5F9F61D-5E87-4DA8-ACC0-141A4CB6BADD}.Debug|ARM.ActiveCfg = Debug|Any CPU
		{C5F9F61D-5E87-4DA8-ACC0-141A4CB6BADD}.Debug|ARM.Build.0 = Debug|Any CPU
		{C5F9F61D-5E87-4DA8-ACC0-141A4CB6BADD}.Debug|ARM64.ActiveCfg = Debug|Any CPU
		{C5F9F61D-5E87-4DA8-ACC0-141A4CB6BADD}.Debug|ARM64.Build.0 = Debug|Any CPU
		{C5F9F61D-5E87-4DA8-ACC0-141A4CB6BADD}.Debug|x64.ActiveCfg = Debug|Any CPU
		{C5F9F61D-5E87-4DA8-ACC0-141A4CB6BADD}.Debug|x64.Build.0 = Debug|Any CPU
		{C5F9F61D-5E87-4DA8-ACC0-141A4CB6BADD}.Debug|x86.ActiveCfg = Debug|Any CPU
		{C5F9F61D-5E87-4DA8-ACC0-141A4CB6BADD}.Debug|x86.Build.0 = Debug|Any CPU
		{C5F9F61D-5E87-4DA8-ACC0-141A4CB6BADD}.Release|Any CPU.ActiveCfg = Release|Any CPU
		{C5F9F61D-5E87-4DA8-ACC0-141A4CB6BADD}.Release|Any CPU.Build.0 = Release|Any CPU
		{C5F9F61D-5E87-4DA8-ACC0-141A4CB6BADD}.Release|ARM.ActiveCfg = Release|Any CPU
		{C5F9F61D-5E87-4DA8-ACC0-141A4CB6BADD}.Release|ARM.Build.0 = Release|Any CPU
		{C5F9F61D-5E87-4DA8-ACC0-141A4CB6BADD}.Release|ARM64.ActiveCfg = Release|Any CPU
		{C5F9F61D-5E87-4DA8-ACC0-141A4CB6BADD}.Release|ARM64.Build.0 = Release|Any CPU
		{C5F9F61D-5E87-4DA8-ACC0-141A4CB6BADD}.Release|x64.ActiveCfg = Release|Any CPU
		{C5F9F61D-5E87-4DA8-ACC0-141A4CB6BADD}.Release|x64.Build.0 = Release|Any CPU
		{C5F9F61D-5E87-4DA8-ACC0-141A4CB6BADD}.Release|x86.ActiveCfg = Release|Any CPU
		{C5F9F61D-5E87-4DA8-ACC0-141A4CB6BADD}.Release|x86.Build.0 = Release|Any CPU
		{28DAEC17-4242-4701-BD42-6436C7A98555}.Debug|Any CPU.ActiveCfg = Debug|x86
		{28DAEC17-4242-4701-BD42-6436C7A98555}.Debug|ARM.ActiveCfg = Debug|ARM
		{28DAEC17-4242-4701-BD42-6436C7A98555}.Debug|ARM.Build.0 = Debug|ARM
		{28DAEC17-4242-4701-BD42-6436C7A98555}.Debug|ARM.Deploy.0 = Debug|ARM
		{28DAEC17-4242-4701-BD42-6436C7A98555}.Debug|ARM64.ActiveCfg = Debug|ARM64
		{28DAEC17-4242-4701-BD42-6436C7A98555}.Debug|ARM64.Build.0 = Debug|ARM64
		{28DAEC17-4242-4701-BD42-6436C7A98555}.Debug|ARM64.Deploy.0 = Debug|ARM64
		{28DAEC17-4242-4701-BD42-6436C7A98555}.Debug|x64.ActiveCfg = Debug|x64
		{28DAEC17-4242-4701-BD42-6436C7A98555}.Debug|x64.Build.0 = Debug|x64
		{28DAEC17-4242-4701-BD42-6436C7A98555}.Debug|x64.Deploy.0 = Debug|x64
		{28DAEC17-4242-4701-BD42-6436C7A98555}.Debug|x86.ActiveCfg = Debug|x86
		{28DAEC17-4242-4701-BD42-6436C7A98555}.Debug|x86.Build.0 = Debug|x86
		{28DAEC17-4242-4701-BD42-6436C7A98555}.Debug|x86.Deploy.0 = Debug|x86
		{28DAEC17-4242-4701-BD42-6436C7A98555}.Release|Any CPU.ActiveCfg = Release|x86
		{28DAEC17-4242-4701-BD42-6436C7A98555}.Release|ARM.ActiveCfg = Release|ARM
		{28DAEC17-4242-4701-BD42-6436C7A98555}.Release|ARM.Build.0 = Release|ARM
		{28DAEC17-4242-4701-BD42-6436C7A98555}.Release|ARM.Deploy.0 = Release|ARM
		{28DAEC17-4242-4701-BD42-6436C7A98555}.Release|ARM64.ActiveCfg = Release|ARM64
		{28DAEC17-4242-4701-BD42-6436C7A98555}.Release|ARM64.Build.0 = Release|ARM64
		{28DAEC17-4242-4701-BD42-6436C7A98555}.Release|ARM64.Deploy.0 = Release|ARM64
		{28DAEC17-4242-4701-BD42-6436C7A98555}.Release|x64.ActiveCfg = Release|x64
		{28DAEC17-4242-4701-BD42-6436C7A98555}.Release|x64.Build.0 = Release|x64
		{28DAEC17-4242-4701-BD42-6436C7A98555}.Release|x64.Deploy.0 = Release|x64
		{28DAEC17-4242-4701-BD42-6436C7A98555}.Release|x86.ActiveCfg = Release|x86
		{28DAEC17-4242-4701-BD42-6436C7A98555}.Release|x86.Build.0 = Release|x86
		{28DAEC17-4242-4701-BD42-6436C7A98555}.Release|x86.Deploy.0 = Release|x86
		{0BBFE7BB-5B3B-4AD0-8BA5-B93028C97A5E}.Debug|Any CPU.ActiveCfg = Debug|Any CPU
		{0BBFE7BB-5B3B-4AD0-8BA5-B93028C97A5E}.Debug|Any CPU.Build.0 = Debug|Any CPU
		{0BBFE7BB-5B3B-4AD0-8BA5-B93028C97A5E}.Debug|ARM.ActiveCfg = Debug|Any CPU
		{0BBFE7BB-5B3B-4AD0-8BA5-B93028C97A5E}.Debug|ARM.Build.0 = Debug|Any CPU
		{0BBFE7BB-5B3B-4AD0-8BA5-B93028C97A5E}.Debug|ARM64.ActiveCfg = Debug|Any CPU
		{0BBFE7BB-5B3B-4AD0-8BA5-B93028C97A5E}.Debug|ARM64.Build.0 = Debug|Any CPU
		{0BBFE7BB-5B3B-4AD0-8BA5-B93028C97A5E}.Debug|x64.ActiveCfg = Debug|Any CPU
		{0BBFE7BB-5B3B-4AD0-8BA5-B93028C97A5E}.Debug|x64.Build.0 = Debug|Any CPU
		{0BBFE7BB-5B3B-4AD0-8BA5-B93028C97A5E}.Debug|x86.ActiveCfg = Debug|Any CPU
		{0BBFE7BB-5B3B-4AD0-8BA5-B93028C97A5E}.Debug|x86.Build.0 = Debug|Any CPU
		{0BBFE7BB-5B3B-4AD0-8BA5-B93028C97A5E}.Release|Any CPU.ActiveCfg = Release|Any CPU
		{0BBFE7BB-5B3B-4AD0-8BA5-B93028C97A5E}.Release|Any CPU.Build.0 = Release|Any CPU
		{0BBFE7BB-5B3B-4AD0-8BA5-B93028C97A5E}.Release|ARM.ActiveCfg = Release|Any CPU
		{0BBFE7BB-5B3B-4AD0-8BA5-B93028C97A5E}.Release|ARM.Build.0 = Release|Any CPU
		{0BBFE7BB-5B3B-4AD0-8BA5-B93028C97A5E}.Release|ARM64.ActiveCfg = Release|Any CPU
		{0BBFE7BB-5B3B-4AD0-8BA5-B93028C97A5E}.Release|ARM64.Build.0 = Release|Any CPU
		{0BBFE7BB-5B3B-4AD0-8BA5-B93028C97A5E}.Release|x64.ActiveCfg = Release|Any CPU
		{0BBFE7BB-5B3B-4AD0-8BA5-B93028C97A5E}.Release|x64.Build.0 = Release|Any CPU
		{0BBFE7BB-5B3B-4AD0-8BA5-B93028C97A5E}.Release|x86.ActiveCfg = Release|Any CPU
		{0BBFE7BB-5B3B-4AD0-8BA5-B93028C97A5E}.Release|x86.Build.0 = Release|Any CPU
		{0D1C9E68-D544-41ED-ACDA-E7CEC641B369}.Debug|Any CPU.ActiveCfg = Debug|x86
		{0D1C9E68-D544-41ED-ACDA-E7CEC641B369}.Debug|ARM.ActiveCfg = Debug|ARM
		{0D1C9E68-D544-41ED-ACDA-E7CEC641B369}.Debug|ARM.Build.0 = Debug|ARM
		{0D1C9E68-D544-41ED-ACDA-E7CEC641B369}.Debug|ARM.Deploy.0 = Debug|ARM
		{0D1C9E68-D544-41ED-ACDA-E7CEC641B369}.Debug|ARM64.ActiveCfg = Debug|ARM64
		{0D1C9E68-D544-41ED-ACDA-E7CEC641B369}.Debug|ARM64.Build.0 = Debug|ARM64
		{0D1C9E68-D544-41ED-ACDA-E7CEC641B369}.Debug|ARM64.Deploy.0 = Debug|ARM64
		{0D1C9E68-D544-41ED-ACDA-E7CEC641B369}.Debug|x64.ActiveCfg = Debug|x64
		{0D1C9E68-D544-41ED-ACDA-E7CEC641B369}.Debug|x64.Build.0 = Debug|x64
		{0D1C9E68-D544-41ED-ACDA-E7CEC641B369}.Debug|x64.Deploy.0 = Debug|x64
		{0D1C9E68-D544-41ED-ACDA-E7CEC641B369}.Debug|x86.ActiveCfg = Debug|x86
		{0D1C9E68-D544-41ED-ACDA-E7CEC641B369}.Debug|x86.Build.0 = Debug|x86
		{0D1C9E68-D544-41ED-ACDA-E7CEC641B369}.Debug|x86.Deploy.0 = Debug|x86
		{0D1C9E68-D544-41ED-ACDA-E7CEC641B369}.Release|Any CPU.ActiveCfg = Release|x86
		{0D1C9E68-D544-41ED-ACDA-E7CEC641B369}.Release|ARM.ActiveCfg = Release|ARM
		{0D1C9E68-D544-41ED-ACDA-E7CEC641B369}.Release|ARM.Build.0 = Release|ARM
		{0D1C9E68-D544-41ED-ACDA-E7CEC641B369}.Release|ARM.Deploy.0 = Release|ARM
		{0D1C9E68-D544-41ED-ACDA-E7CEC641B369}.Release|ARM64.ActiveCfg = Release|ARM64
		{0D1C9E68-D544-41ED-ACDA-E7CEC641B369}.Release|ARM64.Build.0 = Release|ARM64
		{0D1C9E68-D544-41ED-ACDA-E7CEC641B369}.Release|ARM64.Deploy.0 = Release|ARM64
		{0D1C9E68-D544-41ED-ACDA-E7CEC641B369}.Release|x64.ActiveCfg = Release|x64
		{0D1C9E68-D544-41ED-ACDA-E7CEC641B369}.Release|x64.Build.0 = Release|x64
		{0D1C9E68-D544-41ED-ACDA-E7CEC641B369}.Release|x64.Deploy.0 = Release|x64
		{0D1C9E68-D544-41ED-ACDA-E7CEC641B369}.Release|x86.ActiveCfg = Release|x86
		{0D1C9E68-D544-41ED-ACDA-E7CEC641B369}.Release|x86.Build.0 = Release|x86
		{0D1C9E68-D544-41ED-ACDA-E7CEC641B369}.Release|x86.Deploy.0 = Release|x86
	EndGlobalSection
	GlobalSection(SolutionProperties) = preSolution
		HideSolutionNode = FALSE
	EndGlobalSection
	GlobalSection(NestedProjects) = preSolution
		{DD5C2FA8-2301-4019-AE09-E96DAD6A94C5} = {EF145916-C9D0-44A5-8555-F0D71A5C69C9}
		{BFFD3508-DFF3-47AA-A46C-6F7638B352E1} = {EF145916-C9D0-44A5-8555-F0D71A5C69C9}
		{C33CA9CC-7DE4-49F5-A2B0-5084897BCDB5} = {EF145916-C9D0-44A5-8555-F0D71A5C69C9}
		{84FC31E8-B5AA-450A-99FA-F3608F609886} = {EF145916-C9D0-44A5-8555-F0D71A5C69C9}
		{5A6D3EF8-2CDC-430A-8F32-B76E2F1A906C} = {EF145916-C9D0-44A5-8555-F0D71A5C69C9}
		{CFE272D3-9C6B-4E19-BCAB-797C1A0BABE9} = {EF145916-C9D0-44A5-8555-F0D71A5C69C9}
		{50646FB4-F006-44D0-8458-D28AA89CEEE9} = {E21D9BA3-6F82-45BF-BD1B-3137226592B3}
		{7CFDCD55-1A48-43D7-A22A-D0F2A579785A} = {E21D9BA3-6F82-45BF-BD1B-3137226592B3}
		{B6026295-62C6-4E60-81FE-788B31FC5767} = {E21D9BA3-6F82-45BF-BD1B-3137226592B3}
		{0D3E96B3-BA82-437F-B0CE-1ACD03C944A4} = {E21D9BA3-6F82-45BF-BD1B-3137226592B3}
		{DA60684C-3BA5-4101-B72E-F357C605BA1F} = {E21D9BA3-6F82-45BF-BD1B-3137226592B3}
		{0816B727-B893-47B9-8869-453B925F7A6D} = {E21D9BA3-6F82-45BF-BD1B-3137226592B3}
		{59A4D899-B36F-4D76-8C20-2BA8D4095D2A} = {58238C5D-ED54-4B81-95EE-9C84ACA8A8EE}
		{DB542201-46C7-4C6E-A798-093746354F6A} = {58238C5D-ED54-4B81-95EE-9C84ACA8A8EE}
		{53FC62AC-DC1F-4F52-9799-AD25669615FB} = {58238C5D-ED54-4B81-95EE-9C84ACA8A8EE}
		{F8D14831-BE16-4EBF-B3FC-72826E15920E} = {58238C5D-ED54-4B81-95EE-9C84ACA8A8EE}
		{AF907A14-8304-4C58-95D4-A52DCD031341} = {58238C5D-ED54-4B81-95EE-9C84ACA8A8EE}
		{F8BBF56F-7CEC-4EB5-B24A-D65C5DDA2EAE} = {9E9B4FB4-AFDC-4EC1-BAED-B9F1E79CCFEC}
		{1258CA7A-D2F6-4B03-AE58-08D39D1CA057} = {61E5EFC7-95FB-4F65-A503-6FF1E09C0A89}
		{9B6B9DF0-0A9B-491B-93E4-EB3329032006} = {61E5EFC7-95FB-4F65-A503-6FF1E09C0A89}
		{62AA91B9-A077-44A2-B0B7-B2EF03ECA627} = {61E5EFC7-95FB-4F65-A503-6FF1E09C0A89}
		{29F7F5B3-1E39-415A-B9FD-C870FB40E864} = {E2559FF5-F054-4540-91BF-E9370C1FE0FE}
		{96FEB2F2-EF6F-43C6-ACD2-AECACAD7E0A6} = {E2559FF5-F054-4540-91BF-E9370C1FE0FE}
		{3D074F6A-E492-4F10-93FD-9085DE2F07B9} = {E2559FF5-F054-4540-91BF-E9370C1FE0FE}
		{49D94745-2EC4-4FAD-9A0A-2951596932ED} = {E4725CEB-4C60-4A60-BB21-A5352D786A94}
		{67612DBC-8F59-4A96-AE29-3CA617403E21} = {E4725CEB-4C60-4A60-BB21-A5352D786A94}
		{DE007DE1-1DFA-46B4-9462-2EF3C1D6C0D0} = {E4725CEB-4C60-4A60-BB21-A5352D786A94}
		{1EAF9F68-F4E1-4E30-B1D8-7D50805419AE} = {E4725CEB-4C60-4A60-BB21-A5352D786A94}
		{F8DB3CB5-2619-4CDF-AE13-DC1BA02FE99A} = {E4725CEB-4C60-4A60-BB21-A5352D786A94}
		{6576E172-EA56-43DA-96B9-87F3F3AFE9E7} = {E4725CEB-4C60-4A60-BB21-A5352D786A94}
		{D44C2394-E30D-4406-98DD-76914FE6908A} = {DEED1608-C271-4226-8EF7-3994EB9FE162}
		{AC5CFDBD-AB35-41E9-98BE-C9FEA4B338E1} = {DEED1608-C271-4226-8EF7-3994EB9FE162}
		{96B17EAF-FEED-413E-83EC-C1D4956ABAB2} = {DEED1608-C271-4226-8EF7-3994EB9FE162}
		{F12E15BC-7CAF-407B-9DEB-0659E6F08CA3} = {DEED1608-C271-4226-8EF7-3994EB9FE162}
		{03A342BA-8442-482F-BDE0-D6961C2C4F73} = {DEED1608-C271-4226-8EF7-3994EB9FE162}
		{EBE44D3B-EA6D-4267-8197-6F63225E9300} = {A6317C8A-CFC6-415E-A8DD-3E51D89EF233}
		{DEE73A3A-6A31-4BD6-ACFA-B11528F9CD1D} = {A6317C8A-CFC6-415E-A8DD-3E51D89EF233}
		{D7731D9C-AF73-468C-A51A-8CDE13D7901B} = {A6317C8A-CFC6-415E-A8DD-3E51D89EF233}
		{750376BA-2F9E-4D25-B49D-AFFF41355BA1} = {A6317C8A-CFC6-415E-A8DD-3E51D89EF233}
		{C5F9F61D-5E87-4DA8-ACC0-141A4CB6BADD} = {4D48E17D-4B17-4C7E-AD95-76B5682CA4D7}
		{28DAEC17-4242-4701-BD42-6436C7A98555} = {6F851452-9A56-4737-93CF-730BA3B86A9C}
		{0BBFE7BB-5B3B-4AD0-8BA5-B93028C97A5E} = {6F851452-9A56-4737-93CF-730BA3B86A9C}
		{0D1C9E68-D544-41ED-ACDA-E7CEC641B369} = {6F851452-9A56-4737-93CF-730BA3B86A9C}
	EndGlobalSection
	GlobalSection(ExtensibilityGlobals) = postSolution
		SolutionGuid = {0FE9B2D9-C72F-4BE9-82F7-EE3F22E7D043}
	EndGlobalSection
EndGlobal
